// !$*UTF8*$!
{
	archiveVersion = 1;
	classes = {
	};
	objectVersion = 46;
	objects = {

/* Begin PBXBuildFile section */
		006D720419952D00008149E2 /* AVFoundation.framework in Frameworks */ = {isa = PBXBuildFile; fileRef = 006D720219952D00008149E2 /* AVFoundation.framework */; };
		006D720519952D00008149E2 /* CoreMedia.framework in Frameworks */ = {isa = PBXBuildFile; fileRef = 006D720319952D00008149E2 /* CoreMedia.framework */; };
		0091D8F90E81B9330029341E /* OpenGL.framework in Frameworks */ = {isa = PBXBuildFile; fileRef = 0091D8F80E81B9330029341E /* OpenGL.framework */; };
		00B784B30FF439BC000DE1D7 /* Accelerate.framework in Frameworks */ = {isa = PBXBuildFile; fileRef = 00B784AF0FF439BC000DE1D7 /* Accelerate.framework */; };
		00B784B40FF439BC000DE1D7 /* AudioToolbox.framework in Frameworks */ = {isa = PBXBuildFile; fileRef = 00B784B00FF439BC000DE1D7 /* AudioToolbox.framework */; };
		00B784B50FF439BC000DE1D7 /* AudioUnit.framework in Frameworks */ = {isa = PBXBuildFile; fileRef = 00B784B10FF439BC000DE1D7 /* AudioUnit.framework */; };
		00B784B60FF439BC000DE1D7 /* CoreAudio.framework in Frameworks */ = {isa = PBXBuildFile; fileRef = 00B784B20FF439BC000DE1D7 /* CoreAudio.framework */; };
		00B9955A1B128DF400A5C623 /* IOKit.framework in Frameworks */ = {isa = PBXBuildFile; fileRef = 00B995581B128DF400A5C623 /* IOKit.framework */; };
		00B9955B1B128DF400A5C623 /* IOSurface.framework in Frameworks */ = {isa = PBXBuildFile; fileRef = 00B995591B128DF400A5C623 /* IOSurface.framework */; };
		5323E6B20EAFCA74003A9687 /* CoreVideo.framework in Frameworks */ = {isa = PBXBuildFile; fileRef = 5323E6B10EAFCA74003A9687 /* CoreVideo.framework */; };
		8D11072F0486CEB800E47090 /* Cocoa.framework in Frameworks */ = {isa = PBXBuildFile; fileRef = 1058C7A1FEA54F0111CA2CBB /* Cocoa.framework */; };
		10534DC189A549178EAB9519 /* UndefInterfaceHelperMacros.h in Headers */ = {isa = PBXBuildFile; fileRef = 0A46821DF7624231A36244AD /* UndefInterfaceHelperMacros.h */; };
		97455DA903484568898A88BC /* UndefGlobalFuncHelperMacros.h in Headers */ = {isa = PBXBuildFile; fileRef = 3E9024A76ABC49D0BC95AAC5 /* UndefGlobalFuncHelperMacros.h */; };
		1483B0E44DF44C98BC4FB9DB /* ReferenceCounters.h in Headers */ = {isa = PBXBuildFile; fileRef = 7EC0CECED5DB4029B8AFF7D2 /* ReferenceCounters.h */; };
		659D1950C92B4680A92F5E70 /* Object.h in Headers */ = {isa = PBXBuildFile; fileRef = 149F50516CC74A6C965AA713 /* Object.h */; };
		FB33CFC91BD04506AB8A5E75 /* MemoryAllocator.h in Headers */ = {isa = PBXBuildFile; fileRef = 7A207BB092B841AB86F32DE9 /* MemoryAllocator.h */; };
		53EBCABF915940EA91E8623B /* InterfaceID.h in Headers */ = {isa = PBXBuildFile; fileRef = 6B1E6BE1DCA14BBDB1ECB401 /* InterfaceID.h */; };
		164F3ED0880A436594025483 /* FlagEnum.h in Headers */ = {isa = PBXBuildFile; fileRef = 7543B5C3BD4A4823AD11341D /* FlagEnum.h */; };
		75F3874351984BEFB5249DD7 /* FileStream.h in Headers */ = {isa = PBXBuildFile; fileRef = CA14642C16EE43E1B8CF7985 /* FileStream.h */; };
		2F6FB50027834693B2AB44CA /* DefineInterfaceHelperMacros.h in Headers */ = {isa = PBXBuildFile; fileRef = 50A8532E98084421AC0B34FA /* DefineInterfaceHelperMacros.h */; };
		78552EC6104A4F7E8FEB5079 /* DefineGlobalFuncHelperMacros.h in Headers */ = {isa = PBXBuildFile; fileRef = D783263EE6FC440C8F870585 /* DefineGlobalFuncHelperMacros.h */; };
		1AD82377C7D943649E35AB2B /* DebugOutput.h in Headers */ = {isa = PBXBuildFile; fileRef = 1503E31F09994E03BC3A99ED /* DebugOutput.h */; };
		045DCF0C0292494895F110C6 /* DataBlob.h in Headers */ = {isa = PBXBuildFile; fileRef = FD70026A7CB54CEC84E338C7 /* DataBlob.h */; };
		4C9AA6A9743E474F90EEF9A5 /* CommonDefinitions.h in Headers */ = {isa = PBXBuildFile; fileRef = DCB12550F1CC4C3388F212CD /* CommonDefinitions.h */; };
		D0EC0E2EA8B743B6B21B9A0F /* BasicTypes.h in Headers */ = {isa = PBXBuildFile; fileRef = C4DE99EBF5F746D48CEB7BA4 /* BasicTypes.h */; };
		7B34B03ECD8840D797D7F7A3 /* ValidatedCast.hpp in Headers */ = {isa = PBXBuildFile; fileRef = 7B4A685001FD41C984ABFBFC /* ValidatedCast.hpp */; };
		39AE54D1162B42DB92E84479 /* UniqueIdentifier.hpp in Headers */ = {isa = PBXBuildFile; fileRef = E0313F15AE15473AA43D1604 /* UniqueIdentifier.hpp */; };
		8DF165036DC54FE18C1EF7EB /* Timer.hpp in Headers */ = {isa = PBXBuildFile; fileRef = 1E3EF35E5B4846F08285A0CA /* Timer.hpp */; };
		F94DAE8F31D746D49DB20B3C /* ThreadSignal.hpp in Headers */ = {isa = PBXBuildFile; fileRef = 99BD12515D1144279E375477 /* ThreadSignal.hpp */; };
		C1CED75F3190406BB330C54B /* StringTools.hpp in Headers */ = {isa = PBXBuildFile; fileRef = BC4F9A76363249C68CBAB0E5 /* StringTools.hpp */; };
		DED7DEEACB1945A0BB2060A0 /* StringPool.hpp in Headers */ = {isa = PBXBuildFile; fileRef = F048C9BF1B124A3E940694CF /* StringPool.hpp */; };
		8C1F61EA2E01498FB3D9D4F6 /* StringDataBlobImpl.hpp in Headers */ = {isa = PBXBuildFile; fileRef = E5C03C90718A4C1CA62E33F4 /* StringDataBlobImpl.hpp */; };
		84C83F9D0D5A457B8CCCC067 /* STDAllocator.hpp in Headers */ = {isa = PBXBuildFile; fileRef = 1E7E2BE3730F4A09AF8A39F4 /* STDAllocator.hpp */; };
		001C0619ED334DD88CEC3306 /* RefCountedObjectImpl.hpp in Headers */ = {isa = PBXBuildFile; fileRef = 7FEAA42F156A440797714237 /* RefCountedObjectImpl.hpp */; };
		B767CEC82BE146CA90CA05FA /* RefCntAutoPtr.hpp in Headers */ = {isa = PBXBuildFile; fileRef = 20DF114A9240463F96B92279 /* RefCntAutoPtr.hpp */; };
		69246568E4014011BFF97C98 /* ObjectBase.hpp in Headers */ = {isa = PBXBuildFile; fileRef = AF5DF14CE3CF47B0A418C569 /* ObjectBase.hpp */; };
		87F1EB5405154D069FA93612 /* MemoryFileStream.hpp in Headers */ = {isa = PBXBuildFile; fileRef = 82B97ED78CB341E59BE7C9E1 /* MemoryFileStream.hpp */; };
		2070C78DC64348F1B0DD65B2 /* LockHelper.hpp in Headers */ = {isa = PBXBuildFile; fileRef = 85B4FE8399EC45A290F9EA42 /* LockHelper.hpp */; };
		1CA9DB2E052448389A5F3062 /* HashUtils.hpp in Headers */ = {isa = PBXBuildFile; fileRef = 055954602AA04EA695128EB3 /* HashUtils.hpp */; };
		0BEA299330004DC8AD027010 /* FixedLinearAllocator.hpp in Headers */ = {isa = PBXBuildFile; fileRef = 91A7BBADF0BB41DDB4A176B5 /* FixedLinearAllocator.hpp */; };
		B71623682AFF4FABA1D184AC /* FixedBlockMemoryAllocator.hpp in Headers */ = {isa = PBXBuildFile; fileRef = 8D19FCB339B04800A939F727 /* FixedBlockMemoryAllocator.hpp */; };
		A79990ECC99E4592A1498071 /* FilteringTools.hpp in Headers */ = {isa = PBXBuildFile; fileRef = 4FFF332A727C4AC1969E3A1B /* FilteringTools.hpp */; };
		BC0E4A365AFA45FA98335F57 /* FileWrapper.hpp in Headers */ = {isa = PBXBuildFile; fileRef = 73AE7EDCEA574906963911A8 /* FileWrapper.hpp */; };
		9CEC95B64FE04940BA14B391 /* FastRand.hpp in Headers */ = {isa = PBXBuildFile; fileRef = C6A3F1F914DF4099A4F4A838 /* FastRand.hpp */; };
		D98FCCD025CB4819AF74C37A /* DynamicLinearAllocator.hpp in Headers */ = {isa = PBXBuildFile; fileRef = 63A7489AAF144E42B5DA2B45 /* DynamicLinearAllocator.hpp */; };
		EC95C05B244D4411A77EB80E /* DefaultRawMemoryAllocator.hpp in Headers */ = {isa = PBXBuildFile; fileRef = 605A0439E4BD4BA9A1EAE446 /* DefaultRawMemoryAllocator.hpp */; };
		E78AA4271F9E4BC68773AF7F /* DataBlobImpl.hpp in Headers */ = {isa = PBXBuildFile; fileRef = 5F6D5FBD9A1F48E5AEBE6754 /* DataBlobImpl.hpp */; };
		6499963D96F2496FB51122C1 /* BasicMath.hpp in Headers */ = {isa = PBXBuildFile; fileRef = 1A1C03B5D1E548EF8679FBA7 /* BasicMath.hpp */; };
		15F33497A9B0455E93915AA3 /* BasicFileStream.hpp in Headers */ = {isa = PBXBuildFile; fileRef = 3371D309DE1D466D9FF9E83F /* BasicFileStream.hpp */; };
		E0FD9E049ED6497E990934A9 /* Align.hpp in Headers */ = {isa = PBXBuildFile; fileRef = E187B406C60C4BED89C37219 /* Align.hpp */; };
		9C9B486375794B9695AD4E37 /* AdvancedMath.hpp in Headers */ = {isa = PBXBuildFile; fileRef = E19C6E8806F64E3BA38251C8 /* AdvancedMath.hpp */; };
		647A27B540FC48BCBE20AEF8 /* TextureUploaderGL.hpp in Headers */ = {isa = PBXBuildFile; fileRef = 5BA2C0F59053445B9B735292 /* TextureUploaderGL.hpp */; };
		2E467785E577469D947D1BF0 /* TextureUploaderD3D12_Vk.hpp in Headers */ = {isa = PBXBuildFile; fileRef = EBF7F3B27C01443CA5D92749 /* TextureUploaderD3D12_Vk.hpp */; };
		7EEB4CB2B2C94B5084329EE7 /* TextureUploaderD3D11.hpp in Headers */ = {isa = PBXBuildFile; fileRef = 25E998A842CA4EBCA2DCC606 /* TextureUploaderD3D11.hpp */; };
		74FF85D53BC64149B9BF75AD /* TextureUploaderBase.hpp in Headers */ = {isa = PBXBuildFile; fileRef = 83C983F7DEFC405EACE1AE57 /* TextureUploaderBase.hpp */; };
		733EA9DF04604329BB80A3AA /* TextureUploader.hpp in Headers */ = {isa = PBXBuildFile; fileRef = 0B13C686457E42878E44BE22 /* TextureUploader.hpp */; };
		D8260AFD54BD4526805BB9D7 /* StreamingBuffer.hpp in Headers */ = {isa = PBXBuildFile; fileRef = 9AE0848CCB7243609BFCFD90 /* StreamingBuffer.hpp */; };
		41C1F9790961424F9E449402 /* ShaderMacroHelper.hpp in Headers */ = {isa = PBXBuildFile; fileRef = FD2594E90963446683BEF632 /* ShaderMacroHelper.hpp */; };
		302AB018FA9B44C985C06177 /* ScreenCapture.hpp in Headers */ = {isa = PBXBuildFile; fileRef = 15D9737940D94E5ABC76437C /* ScreenCapture.hpp */; };
		8E6EA83E559845B3A34AE162 /* ScopedQueryHelper.hpp in Headers */ = {isa = PBXBuildFile; fileRef = 82BB3CB70A944821B17C3F0D /* ScopedQueryHelper.hpp */; };
		5529D34A3DD64FCB88716F30 /* MapHelper.hpp in Headers */ = {isa = PBXBuildFile; fileRef = E3E6E348C0E24ECFA7E948F8 /* MapHelper.hpp */; };
		E3DBC0D6B68B4B51863C4358 /* DynamicBuffer.hpp in Headers */ = {isa = PBXBuildFile; fileRef = 45F325282FA94358819DBDAD /* DynamicBuffer.hpp */; };
		BF9DC63D1BBA458CBF48A6EA /* DurationQueryHelper.hpp in Headers */ = {isa = PBXBuildFile; fileRef = 3B13C65F208A41F3B992AC19 /* DurationQueryHelper.hpp */; };
		18B06BBCD4244407ACC16DE9 /* GraphicsUtilities.h in Headers */ = {isa = PBXBuildFile; fileRef = 2ACB0C4873454F9D9B5754A1 /* GraphicsUtilities.h */; };
		A6D1072A6D2546659EE372FE /* DynamicTextureAtlas.h in Headers */ = {isa = PBXBuildFile; fileRef = 11008409664D4A6CBC612493 /* DynamicTextureAtlas.h */; };
		DFCABB51246D4DF3B5A2531C /* CommonlyUsedStates.h in Headers */ = {isa = PBXBuildFile; fileRef = 0932C6065DD645B4966A5C9C /* CommonlyUsedStates.h */; };
		B8433554979C444A8BBC3512 /* BufferSuballocator.h in Headers */ = {isa = PBXBuildFile; fileRef = 20315BFB731E44E488F9AD55 /* BufferSuballocator.h */; };
		6D1779EC72EC4F94B0F36B86 /* TopLevelAS.h in Headers */ = {isa = PBXBuildFile; fileRef = 989127CE83B04A8888D47A06 /* TopLevelAS.h */; };
		517EC1E450D34FAEA06F9CDB /* TextureView.h in Headers */ = {isa = PBXBuildFile; fileRef = 5B2679CA4A91484C852EB520 /* TextureView.h */; };
		C082E0CD5A5447778E366121 /* Texture.h in Headers */ = {isa = PBXBuildFile; fileRef = 7FCDE825466E4DC18238C38C /* Texture.h */; };
		AA31052F60DE453CB6B0517D /* SwapChain.h in Headers */ = {isa = PBXBuildFile; fileRef = 8976C6DA847C40F2AF1EC596 /* SwapChain.h */; };
		B514EF81F3C14FFB811018F0 /* ShaderResourceVariable.h in Headers */ = {isa = PBXBuildFile; fileRef = 83407E35DA3D490EBDF15707 /* ShaderResourceVariable.h */; };
		DA508914A6EE4D6698CA1D1A /* ShaderResourceBinding.h in Headers */ = {isa = PBXBuildFile; fileRef = FA0518A299BE418D88B4A0A3 /* ShaderResourceBinding.h */; };
		53764FE9E6FC42FDA0A9F082 /* ShaderBindingTable.h in Headers */ = {isa = PBXBuildFile; fileRef = 84FCADAE03B3440D8E330F23 /* ShaderBindingTable.h */; };
		7AF647C4E24940E3962071E9 /* Shader.h in Headers */ = {isa = PBXBuildFile; fileRef = 08BA331B246F4E49AB76CFB1 /* Shader.h */; };
		47A248AFDB9C4DCC8FDBAC95 /* Sampler.h in Headers */ = {isa = PBXBuildFile; fileRef = 1BDD17CC2FBE40AD951787FA /* Sampler.h */; };
		A5B0F4D5405C43EBBC755F9C /* ResourceMapping.h in Headers */ = {isa = PBXBuildFile; fileRef = 5FB4F4853B444F2A92CBB038 /* ResourceMapping.h */; };
		6EAEC15181E341D3890F6DD1 /* RenderPass.h in Headers */ = {isa = PBXBuildFile; fileRef = BECBB781F8EB454D82780280 /* RenderPass.h */; };
		72D0E852144D40308E9AA5D6 /* RenderDevice.h in Headers */ = {isa = PBXBuildFile; fileRef = B0DA8E4F6CC34E99986C2663 /* RenderDevice.h */; };
		FF9862843FD84EF48382225E /* RasterizerState.h in Headers */ = {isa = PBXBuildFile; fileRef = C8349EE19A554E77B42C8AA2 /* RasterizerState.h */; };
		8140E3A645074C04B58F37CC /* Query.h in Headers */ = {isa = PBXBuildFile; fileRef = 2F8BBA1EF5FB4ED9B45B79C7 /* Query.h */; };
		61926282D62B4169A042E63A /* PipelineState.h in Headers */ = {isa = PBXBuildFile; fileRef = 539D3377C9B540EFAE426109 /* PipelineState.h */; };
		4FEF5FA7C8504768BDBF9E75 /* LoadEngineDll.h in Headers */ = {isa = PBXBuildFile; fileRef = ABA2F4854B2742ED82912440 /* LoadEngineDll.h */; };
		EEE73EF7533842B49CF7A8E8 /* InputLayout.h in Headers */ = {isa = PBXBuildFile; fileRef = 87D1F24BE14E4E79815B4C54 /* InputLayout.h */; };
		657EDA99D57546078D7EEF6C /* GraphicsTypes.h in Headers */ = {isa = PBXBuildFile; fileRef = 684AC9D7D76E4F199B8174DB /* GraphicsTypes.h */; };
		121C7FA1E3624652AC26131E /* Framebuffer.h in Headers */ = {isa = PBXBuildFile; fileRef = AC01C642264B4417BBBC40D5 /* Framebuffer.h */; };
		903845803B7A49759E937EBD /* Fence.h in Headers */ = {isa = PBXBuildFile; fileRef = 86F6615EFB1C443181680AF8 /* Fence.h */; };
		8D9A8910B1C44E74A2FC8557 /* EngineFactory.h in Headers */ = {isa = PBXBuildFile; fileRef = 8D469AE7B1FD46B19AC60953 /* EngineFactory.h */; };
		CA84C9AD27BE4E81BA65CA85 /* DeviceObject.h in Headers */ = {isa = PBXBuildFile; fileRef = 10F1BEE56EDF48358A5FD761 /* DeviceObject.h */; };
		F8112D5881B94F7CA7CE7461 /* DeviceContext.h in Headers */ = {isa = PBXBuildFile; fileRef = 99B6CC509D964609AC6940C6 /* DeviceContext.h */; };
		E9E1888724A94FCB8EA5D292 /* DepthStencilState.h in Headers */ = {isa = PBXBuildFile; fileRef = 5C3AB289F5114A04B13CE6BE /* DepthStencilState.h */; };
		8285C66637CF4A0791FEB874 /* Constants.h in Headers */ = {isa = PBXBuildFile; fileRef = EE2A8BA17E5D46EE8AC7E2B4 /* Constants.h */; };
		46BBFF00A6CB4999AFA5022B /* CommandList.h in Headers */ = {isa = PBXBuildFile; fileRef = 86BD8243E57E42A0B35BCD75 /* CommandList.h */; };
		DE317435F93D4237B3743613 /* BufferView.h in Headers */ = {isa = PBXBuildFile; fileRef = B3F998D7E9DD4026980CD501 /* BufferView.h */; };
		00EB33A548AB474585F3BBCB /* Buffer.h in Headers */ = {isa = PBXBuildFile; fileRef = 05748506453B4161AB185A29 /* Buffer.h */; };
		8BF097032895443087EF187F /* BottomLevelAS.h in Headers */ = {isa = PBXBuildFile; fileRef = 1E4AA5228A3841E899FC2BE7 /* BottomLevelAS.h */; };
		9D5DB2D4E1584CE1A4915117 /* BlendState.h in Headers */ = {isa = PBXBuildFile; fileRef = 3EFDC7B2E829436197EC9447 /* BlendState.h */; };
		A0FDC71A928A48BEA5BBAF73 /* APIInfo.h in Headers */ = {isa = PBXBuildFile; fileRef = 00212B4EBDA948ECB9204B8E /* APIInfo.h */; };
		C8BA817D043F455098CABB41 /* VariableSizeGPUAllocationsManager.hpp in Headers */ = {isa = PBXBuildFile; fileRef = 418BCD6E89AF41DF804713D8 /* VariableSizeGPUAllocationsManager.hpp */; };
		9E95BEA149564FE9AA0AADD6 /* VariableSizeAllocationsManager.hpp in Headers */ = {isa = PBXBuildFile; fileRef = 96BF1E7B714442D3B93665D8 /* VariableSizeAllocationsManager.hpp */; };
		646055B4441A4B08B248EF2A /* SRBMemoryAllocator.hpp in Headers */ = {isa = PBXBuildFile; fileRef = CDF01F6295484955B8794E6D /* SRBMemoryAllocator.hpp */; };
		1C92770D18274C549A88F1E7 /* RingBuffer.hpp in Headers */ = {isa = PBXBuildFile; fileRef = 44182AF9D94545EDB67D540A /* RingBuffer.hpp */; };
		590822E8F82548928CA0F17F /* ResourceReleaseQueue.hpp in Headers */ = {isa = PBXBuildFile; fileRef = FE489E836FEE49D489AE8E85 /* ResourceReleaseQueue.hpp */; };
		BBA5669782294DC2870AA875 /* GraphicsTypesOutputInserters.hpp in Headers */ = {isa = PBXBuildFile; fileRef = D4C796FF1CAD4F318D95B137 /* GraphicsTypesOutputInserters.hpp */; };
		794B8DDEECA8425C9EA923AF /* GraphicsAccessories.hpp in Headers */ = {isa = PBXBuildFile; fileRef = 824916E1D40A44A1931ABB90 /* GraphicsAccessories.hpp */; };
		D0D778943AB44081BACF91BB /* DynamicAtlasManager.hpp in Headers */ = {isa = PBXBuildFile; fileRef = 9FDED6B238074A58BFC46932 /* DynamicAtlasManager.hpp */; };
		B374FCE6994A46ACA8D461D9 /* ColorConversion.h in Headers */ = {isa = PBXBuildFile; fileRef = 0078407CF35B45768059198A /* ColorConversion.h */; };
		CB1A4DC612F04DCDA9011BE1 /* wrapper.h in Headers */ = {isa = PBXBuildFile; fileRef = BAC201639EB94382A15FEDE0 /* wrapper.h */; };
		69F792B7C52D49D2811E62DF /* Shader.h in Headers */ = {isa = PBXBuildFile; fileRef = C29466A527C4403FACFF8747 /* Shader.h */; };
		E74187B3CFAF4398838D8B29 /* RasterizerState.h in Headers */ = {isa = PBXBuildFile; fileRef = FDFB6044DA5C4881A3CEAF54 /* RasterizerState.h */; };
		AB7D25C9526348FEBC49BEC6 /* platform.h in Headers */ = {isa = PBXBuildFile; fileRef = E5306DDB3C1F4801AD16D9C8 /* platform.h */; };
		928F52A7C9084108B648C30D /* PipelineState.h in Headers */ = {isa = PBXBuildFile; fileRef = 7992D6F470D54D03BDEC81CD /* PipelineState.h */; };
		281657AC67F64FFFB930AE02 /* InputLayout.h in Headers */ = {isa = PBXBuildFile; fileRef = B6F9923E739B4E299C8A7F90 /* InputLayout.h */; };
		79BA45B20B394AE9821BC455 /* DepthStencilState.h in Headers */ = {isa = PBXBuildFile; fileRef = A111AB7475CB4286ACE33D45 /* DepthStencilState.h */; };
		15D0DBA866D3492EBFEA1CA0 /* Buffer.h in Headers */ = {isa = PBXBuildFile; fileRef = ED2CE125C8CE4701B97F1ED6 /* Buffer.h */; };
		897BB42EC68640AFACF74D1B /* BlendState.h in Headers */ = {isa = PBXBuildFile; fileRef = 31B1CC5E09C646759FB76B4C /* BlendState.h */; };
		A61D4FCC13F44C3BA5AB71EA /* RendererGx.h in Headers */ = {isa = PBXBuildFile; fileRef = 8E0DED3575FD440189DB06AD /* RendererGx.h */; };
		1607A45BEAD44D72AE74E9E6 /* wrapper.cpp in Sources */ = {isa = PBXBuildFile; fileRef = F435524438AF4E9F99A3B78A /* wrapper.cpp */; };
		8DE34A88670C47548569CE92 /* Shader.cpp in Sources */ = {isa = PBXBuildFile; fileRef = 3EA83B3400AB43548A71647F /* Shader.cpp */; };
		16B27FA8007349B1BDB95B2F /* PipelineState.cpp in Sources */ = {isa = PBXBuildFile; fileRef = EF387A6EA977493AB780DE93 /* PipelineState.cpp */; };
		D0283E09AC7740EF85C034B9 /* Buffer.cpp in Sources */ = {isa = PBXBuildFile; fileRef = 00914EA3206541AFB3F1CABA /* Buffer.cpp */; };
		864B6AB07C7A40CCB03B08F4 /* RendererGx.cpp in Sources */ = {isa = PBXBuildFile; fileRef = 486C72B28679439599B50BF2 /* RendererGx.cpp */; };
		8E12206BB9C14784BF8749F4 /* CubeApp.cpp in Sources */ = {isa = PBXBuildFile; fileRef = 620E4160F0434202A00C0E43 /* CubeApp.cpp */; };
/* End PBXBuildFile section */

/* Begin PBXFileReference section */
		006D720219952D00008149E2 /* AVFoundation.framework */ = {isa = PBXFileReference; lastKnownFileType = wrapper.framework; name = AVFoundation.framework; path = System/Library/Frameworks/AVFoundation.framework; sourceTree = SDKROOT; };
		006D720319952D00008149E2 /* CoreMedia.framework */ = {isa = PBXFileReference; lastKnownFileType = wrapper.framework; name = CoreMedia.framework; path = System/Library/Frameworks/CoreMedia.framework; sourceTree = SDKROOT; };
		0091D8F80E81B9330029341E /* OpenGL.framework */ = {isa = PBXFileReference; lastKnownFileType = wrapper.framework; name = OpenGL.framework; path = /System/Library/Frameworks/OpenGL.framework; sourceTree = "<absolute>"; };
		00B784AF0FF439BC000DE1D7 /* Accelerate.framework */ = {isa = PBXFileReference; lastKnownFileType = wrapper.framework; name = Accelerate.framework; path = System/Library/Frameworks/Accelerate.framework; sourceTree = SDKROOT; };
		00B784B00FF439BC000DE1D7 /* AudioToolbox.framework */ = {isa = PBXFileReference; lastKnownFileType = wrapper.framework; name = AudioToolbox.framework; path = System/Library/Frameworks/AudioToolbox.framework; sourceTree = SDKROOT; };
		00B784B10FF439BC000DE1D7 /* AudioUnit.framework */ = {isa = PBXFileReference; lastKnownFileType = wrapper.framework; name = AudioUnit.framework; path = System/Library/Frameworks/AudioUnit.framework; sourceTree = SDKROOT; };
		00B784B20FF439BC000DE1D7 /* CoreAudio.framework */ = {isa = PBXFileReference; lastKnownFileType = wrapper.framework; name = CoreAudio.framework; path = System/Library/Frameworks/CoreAudio.framework; sourceTree = SDKROOT; };
		00B995581B128DF400A5C623 /* IOKit.framework */ = {isa = PBXFileReference; lastKnownFileType = wrapper.framework; name = IOKit.framework; path = System/Library/Frameworks/IOKit.framework; sourceTree = SDKROOT; };
		00B995591B128DF400A5C623 /* IOSurface.framework */ = {isa = PBXFileReference; lastKnownFileType = wrapper.framework; name = IOSurface.framework; path = System/Library/Frameworks/IOSurface.framework; sourceTree = SDKROOT; };
		1058C7A1FEA54F0111CA2CBB /* Cocoa.framework */ = {isa = PBXFileReference; lastKnownFileType = wrapper.framework; name = Cocoa.framework; path = /System/Library/Frameworks/Cocoa.framework; sourceTree = "<absolute>"; };
		29B97324FDCFA39411CA2CEA /* AppKit.framework */ = {isa = PBXFileReference; lastKnownFileType = wrapper.framework; name = AppKit.framework; path = /System/Library/Frameworks/AppKit.framework; sourceTree = "<absolute>"; };
		29B97325FDCFA39411CA2CEA /* Foundation.framework */ = {isa = PBXFileReference; lastKnownFileType = wrapper.framework; name = Foundation.framework; path = /System/Library/Frameworks/Foundation.framework; sourceTree = "<absolute>"; };
		5323E6B10EAFCA74003A9687 /* CoreVideo.framework */ = {isa = PBXFileReference; lastKnownFileType = wrapper.framework; name = CoreVideo.framework; path = /System/Library/Frameworks/CoreVideo.framework; sourceTree = "<absolute>"; };
		8D1107320486CEB800E47090 /* Cube.app */ = {isa = PBXFileReference; explicitFileType = wrapper.application; includeInIndex = 0; path = Cube.app; sourceTree = BUILT_PRODUCTS_DIR; };
		620E4160F0434202A00C0E43 /* CubeApp.cpp */ = {isa = PBXFileReference; lastKnownFileType = sourcecode.c.cpp; path = ../src/CubeApp.cpp; sourceTree = "<group>"; name = CubeApp.cpp; };
		486C72B28679439599B50BF2 /* RendererGx.cpp */ = {isa = PBXFileReference; lastKnownFileType = sourcecode.c.cpp; path = ../../../src/cinder/app/RendererGx.cpp; sourceTree = "<group>"; name = RendererGx.cpp; };
		00914EA3206541AFB3F1CABA /* Buffer.cpp */ = {isa = PBXFileReference; lastKnownFileType = sourcecode.c.cpp; path = ../../../src/cinder/graphics/Buffer.cpp; sourceTree = "<group>"; name = Buffer.cpp; };
		EF387A6EA977493AB780DE93 /* PipelineState.cpp */ = {isa = PBXFileReference; lastKnownFileType = sourcecode.c.cpp; path = ../../../src/cinder/graphics/PipelineState.cpp; sourceTree = "<group>"; name = PipelineState.cpp; };
		3EA83B3400AB43548A71647F /* Shader.cpp */ = {isa = PBXFileReference; lastKnownFileType = sourcecode.c.cpp; path = ../../../src/cinder/graphics/Shader.cpp; sourceTree = "<group>"; name = Shader.cpp; };
		F435524438AF4E9F99A3B78A /* wrapper.cpp */ = {isa = PBXFileReference; lastKnownFileType = sourcecode.c.cpp; path = ../../../src/cinder/graphics/wrapper.cpp; sourceTree = "<group>"; name = wrapper.cpp; };
		8E0DED3575FD440189DB06AD /* RendererGx.h */ = {isa = PBXFileReference; lastKnownFileType = sourcecode.c.h; path = ../../../include/cinder/app/RendererGx.h; sourceTree = "<group>"; name = RendererGx.h; };
		31B1CC5E09C646759FB76B4C /* BlendState.h */ = {isa = PBXFileReference; lastKnownFileType = sourcecode.c.h; path = ../../../include/cinder/graphics/BlendState.h; sourceTree = "<group>"; name = BlendState.h; };
		ED2CE125C8CE4701B97F1ED6 /* Buffer.h */ = {isa = PBXFileReference; lastKnownFileType = sourcecode.c.h; path = ../../../include/cinder/graphics/Buffer.h; sourceTree = "<group>"; name = Buffer.h; };
		A111AB7475CB4286ACE33D45 /* DepthStencilState.h */ = {isa = PBXFileReference; lastKnownFileType = sourcecode.c.h; path = ../../../include/cinder/graphics/DepthStencilState.h; sourceTree = "<group>"; name = DepthStencilState.h; };
		B6F9923E739B4E299C8A7F90 /* InputLayout.h */ = {isa = PBXFileReference; lastKnownFileType = sourcecode.c.h; path = ../../../include/cinder/graphics/InputLayout.h; sourceTree = "<group>"; name = InputLayout.h; };
		7992D6F470D54D03BDEC81CD /* PipelineState.h */ = {isa = PBXFileReference; lastKnownFileType = sourcecode.c.h; path = ../../../include/cinder/graphics/PipelineState.h; sourceTree = "<group>"; name = PipelineState.h; };
		E5306DDB3C1F4801AD16D9C8 /* platform.h */ = {isa = PBXFileReference; lastKnownFileType = sourcecode.c.h; path = ../../../include/cinder/graphics/platform.h; sourceTree = "<group>"; name = platform.h; };
		FDFB6044DA5C4881A3CEAF54 /* RasterizerState.h */ = {isa = PBXFileReference; lastKnownFileType = sourcecode.c.h; path = ../../../include/cinder/graphics/RasterizerState.h; sourceTree = "<group>"; name = RasterizerState.h; };
		C29466A527C4403FACFF8747 /* Shader.h */ = {isa = PBXFileReference; lastKnownFileType = sourcecode.c.h; path = ../../../include/cinder/graphics/Shader.h; sourceTree = "<group>"; name = Shader.h; };
		BAC201639EB94382A15FEDE0 /* wrapper.h */ = {isa = PBXFileReference; lastKnownFileType = sourcecode.c.h; path = ../../../include/cinder/graphics/wrapper.h; sourceTree = "<group>"; name = wrapper.h; };
		0078407CF35B45768059198A /* ColorConversion.h */ = {isa = PBXFileReference; lastKnownFileType = sourcecode.c.h; path = ../../../third_party/DiligentCore/Graphics/GraphicsAccessories/interface/ColorConversion.h; sourceTree = "<group>"; name = ColorConversion.h; };
		9FDED6B238074A58BFC46932 /* DynamicAtlasManager.hpp */ = {isa = PBXFileReference; lastKnownFileType = "\"\""; path = ../../../third_party/DiligentCore/Graphics/GraphicsAccessories/interface/DynamicAtlasManager.hpp; sourceTree = "<group>"; name = DynamicAtlasManager.hpp; };
		824916E1D40A44A1931ABB90 /* GraphicsAccessories.hpp */ = {isa = PBXFileReference; lastKnownFileType = "\"\""; path = ../../../third_party/DiligentCore/Graphics/GraphicsAccessories/interface/GraphicsAccessories.hpp; sourceTree = "<group>"; name = GraphicsAccessories.hpp; };
		D4C796FF1CAD4F318D95B137 /* GraphicsTypesOutputInserters.hpp */ = {isa = PBXFileReference; lastKnownFileType = "\"\""; path = ../../../third_party/DiligentCore/Graphics/GraphicsAccessories/interface/GraphicsTypesOutputInserters.hpp; sourceTree = "<group>"; name = GraphicsTypesOutputInserters.hpp; };
		FE489E836FEE49D489AE8E85 /* ResourceReleaseQueue.hpp */ = {isa = PBXFileReference; lastKnownFileType = "\"\""; path = ../../../third_party/DiligentCore/Graphics/GraphicsAccessories/interface/ResourceReleaseQueue.hpp; sourceTree = "<group>"; name = ResourceReleaseQueue.hpp; };
		44182AF9D94545EDB67D540A /* RingBuffer.hpp */ = {isa = PBXFileReference; lastKnownFileType = "\"\""; path = ../../../third_party/DiligentCore/Graphics/GraphicsAccessories/interface/RingBuffer.hpp; sourceTree = "<group>"; name = RingBuffer.hpp; };
		CDF01F6295484955B8794E6D /* SRBMemoryAllocator.hpp */ = {isa = PBXFileReference; lastKnownFileType = "\"\""; path = ../../../third_party/DiligentCore/Graphics/GraphicsAccessories/interface/SRBMemoryAllocator.hpp; sourceTree = "<group>"; name = SRBMemoryAllocator.hpp; };
		96BF1E7B714442D3B93665D8 /* VariableSizeAllocationsManager.hpp */ = {isa = PBXFileReference; lastKnownFileType = "\"\""; path = ../../../third_party/DiligentCore/Graphics/GraphicsAccessories/interface/VariableSizeAllocationsManager.hpp; sourceTree = "<group>"; name = VariableSizeAllocationsManager.hpp; };
		418BCD6E89AF41DF804713D8 /* VariableSizeGPUAllocationsManager.hpp */ = {isa = PBXFileReference; lastKnownFileType = "\"\""; path = ../../../third_party/DiligentCore/Graphics/GraphicsAccessories/interface/VariableSizeGPUAllocationsManager.hpp; sourceTree = "<group>"; name = VariableSizeGPUAllocationsManager.hpp; };
		00212B4EBDA948ECB9204B8E /* APIInfo.h */ = {isa = PBXFileReference; lastKnownFileType = sourcecode.c.h; path = ../../../third_party/DiligentCore/Graphics/GraphicsEngine/interface/APIInfo.h; sourceTree = "<group>"; name = APIInfo.h; };
		3EFDC7B2E829436197EC9447 /* BlendState.h */ = {isa = PBXFileReference; lastKnownFileType = sourcecode.c.h; path = ../../../third_party/DiligentCore/Graphics/GraphicsEngine/interface/BlendState.h; sourceTree = "<group>"; name = BlendState.h; };
		1E4AA5228A3841E899FC2BE7 /* BottomLevelAS.h */ = {isa = PBXFileReference; lastKnownFileType = sourcecode.c.h; path = ../../../third_party/DiligentCore/Graphics/GraphicsEngine/interface/BottomLevelAS.h; sourceTree = "<group>"; name = BottomLevelAS.h; };
		05748506453B4161AB185A29 /* Buffer.h */ = {isa = PBXFileReference; lastKnownFileType = sourcecode.c.h; path = ../../../third_party/DiligentCore/Graphics/GraphicsEngine/interface/Buffer.h; sourceTree = "<group>"; name = Buffer.h; };
		B3F998D7E9DD4026980CD501 /* BufferView.h */ = {isa = PBXFileReference; lastKnownFileType = sourcecode.c.h; path = ../../../third_party/DiligentCore/Graphics/GraphicsEngine/interface/BufferView.h; sourceTree = "<group>"; name = BufferView.h; };
		86BD8243E57E42A0B35BCD75 /* CommandList.h */ = {isa = PBXFileReference; lastKnownFileType = sourcecode.c.h; path = ../../../third_party/DiligentCore/Graphics/GraphicsEngine/interface/CommandList.h; sourceTree = "<group>"; name = CommandList.h; };
		EE2A8BA17E5D46EE8AC7E2B4 /* Constants.h */ = {isa = PBXFileReference; lastKnownFileType = sourcecode.c.h; path = ../../../third_party/DiligentCore/Graphics/GraphicsEngine/interface/Constants.h; sourceTree = "<group>"; name = Constants.h; };
		5C3AB289F5114A04B13CE6BE /* DepthStencilState.h */ = {isa = PBXFileReference; lastKnownFileType = sourcecode.c.h; path = ../../../third_party/DiligentCore/Graphics/GraphicsEngine/interface/DepthStencilState.h; sourceTree = "<group>"; name = DepthStencilState.h; };
		99B6CC509D964609AC6940C6 /* DeviceContext.h */ = {isa = PBXFileReference; lastKnownFileType = sourcecode.c.h; path = ../../../third_party/DiligentCore/Graphics/GraphicsEngine/interface/DeviceContext.h; sourceTree = "<group>"; name = DeviceContext.h; };
		10F1BEE56EDF48358A5FD761 /* DeviceObject.h */ = {isa = PBXFileReference; lastKnownFileType = sourcecode.c.h; path = ../../../third_party/DiligentCore/Graphics/GraphicsEngine/interface/DeviceObject.h; sourceTree = "<group>"; name = DeviceObject.h; };
		8D469AE7B1FD46B19AC60953 /* EngineFactory.h */ = {isa = PBXFileReference; lastKnownFileType = sourcecode.c.h; path = ../../../third_party/DiligentCore/Graphics/GraphicsEngine/interface/EngineFactory.h; sourceTree = "<group>"; name = EngineFactory.h; };
		86F6615EFB1C443181680AF8 /* Fence.h */ = {isa = PBXFileReference; lastKnownFileType = sourcecode.c.h; path = ../../../third_party/DiligentCore/Graphics/GraphicsEngine/interface/Fence.h; sourceTree = "<group>"; name = Fence.h; };
		AC01C642264B4417BBBC40D5 /* Framebuffer.h */ = {isa = PBXFileReference; lastKnownFileType = sourcecode.c.h; path = ../../../third_party/DiligentCore/Graphics/GraphicsEngine/interface/Framebuffer.h; sourceTree = "<group>"; name = Framebuffer.h; };
		684AC9D7D76E4F199B8174DB /* GraphicsTypes.h */ = {isa = PBXFileReference; lastKnownFileType = sourcecode.c.h; path = ../../../third_party/DiligentCore/Graphics/GraphicsEngine/interface/GraphicsTypes.h; sourceTree = "<group>"; name = GraphicsTypes.h; };
		87D1F24BE14E4E79815B4C54 /* InputLayout.h */ = {isa = PBXFileReference; lastKnownFileType = sourcecode.c.h; path = ../../../third_party/DiligentCore/Graphics/GraphicsEngine/interface/InputLayout.h; sourceTree = "<group>"; name = InputLayout.h; };
		ABA2F4854B2742ED82912440 /* LoadEngineDll.h */ = {isa = PBXFileReference; lastKnownFileType = sourcecode.c.h; path = ../../../third_party/DiligentCore/Graphics/GraphicsEngine/interface/LoadEngineDll.h; sourceTree = "<group>"; name = LoadEngineDll.h; };
		539D3377C9B540EFAE426109 /* PipelineState.h */ = {isa = PBXFileReference; lastKnownFileType = sourcecode.c.h; path = ../../../third_party/DiligentCore/Graphics/GraphicsEngine/interface/PipelineState.h; sourceTree = "<group>"; name = PipelineState.h; };
		2F8BBA1EF5FB4ED9B45B79C7 /* Query.h */ = {isa = PBXFileReference; lastKnownFileType = sourcecode.c.h; path = ../../../third_party/DiligentCore/Graphics/GraphicsEngine/interface/Query.h; sourceTree = "<group>"; name = Query.h; };
		C8349EE19A554E77B42C8AA2 /* RasterizerState.h */ = {isa = PBXFileReference; lastKnownFileType = sourcecode.c.h; path = ../../../third_party/DiligentCore/Graphics/GraphicsEngine/interface/RasterizerState.h; sourceTree = "<group>"; name = RasterizerState.h; };
		B0DA8E4F6CC34E99986C2663 /* RenderDevice.h */ = {isa = PBXFileReference; lastKnownFileType = sourcecode.c.h; path = ../../../third_party/DiligentCore/Graphics/GraphicsEngine/interface/RenderDevice.h; sourceTree = "<group>"; name = RenderDevice.h; };
		BECBB781F8EB454D82780280 /* RenderPass.h */ = {isa = PBXFileReference; lastKnownFileType = sourcecode.c.h; path = ../../../third_party/DiligentCore/Graphics/GraphicsEngine/interface/RenderPass.h; sourceTree = "<group>"; name = RenderPass.h; };
		5FB4F4853B444F2A92CBB038 /* ResourceMapping.h */ = {isa = PBXFileReference; lastKnownFileType = sourcecode.c.h; path = ../../../third_party/DiligentCore/Graphics/GraphicsEngine/interface/ResourceMapping.h; sourceTree = "<group>"; name = ResourceMapping.h; };
		1BDD17CC2FBE40AD951787FA /* Sampler.h */ = {isa = PBXFileReference; lastKnownFileType = sourcecode.c.h; path = ../../../third_party/DiligentCore/Graphics/GraphicsEngine/interface/Sampler.h; sourceTree = "<group>"; name = Sampler.h; };
		08BA331B246F4E49AB76CFB1 /* Shader.h */ = {isa = PBXFileReference; lastKnownFileType = sourcecode.c.h; path = ../../../third_party/DiligentCore/Graphics/GraphicsEngine/interface/Shader.h; sourceTree = "<group>"; name = Shader.h; };
		84FCADAE03B3440D8E330F23 /* ShaderBindingTable.h */ = {isa = PBXFileReference; lastKnownFileType = sourcecode.c.h; path = ../../../third_party/DiligentCore/Graphics/GraphicsEngine/interface/ShaderBindingTable.h; sourceTree = "<group>"; name = ShaderBindingTable.h; };
		FA0518A299BE418D88B4A0A3 /* ShaderResourceBinding.h */ = {isa = PBXFileReference; lastKnownFileType = sourcecode.c.h; path = ../../../third_party/DiligentCore/Graphics/GraphicsEngine/interface/ShaderResourceBinding.h; sourceTree = "<group>"; name = ShaderResourceBinding.h; };
		83407E35DA3D490EBDF15707 /* ShaderResourceVariable.h */ = {isa = PBXFileReference; lastKnownFileType = sourcecode.c.h; path = ../../../third_party/DiligentCore/Graphics/GraphicsEngine/interface/ShaderResourceVariable.h; sourceTree = "<group>"; name = ShaderResourceVariable.h; };
		8976C6DA847C40F2AF1EC596 /* SwapChain.h */ = {isa = PBXFileReference; lastKnownFileType = sourcecode.c.h; path = ../../../third_party/DiligentCore/Graphics/GraphicsEngine/interface/SwapChain.h; sourceTree = "<group>"; name = SwapChain.h; };
		7FCDE825466E4DC18238C38C /* Texture.h */ = {isa = PBXFileReference; lastKnownFileType = sourcecode.c.h; path = ../../../third_party/DiligentCore/Graphics/GraphicsEngine/interface/Texture.h; sourceTree = "<group>"; name = Texture.h; };
		5B2679CA4A91484C852EB520 /* TextureView.h */ = {isa = PBXFileReference; lastKnownFileType = sourcecode.c.h; path = ../../../third_party/DiligentCore/Graphics/GraphicsEngine/interface/TextureView.h; sourceTree = "<group>"; name = TextureView.h; };
		989127CE83B04A8888D47A06 /* TopLevelAS.h */ = {isa = PBXFileReference; lastKnownFileType = sourcecode.c.h; path = ../../../third_party/DiligentCore/Graphics/GraphicsEngine/interface/TopLevelAS.h; sourceTree = "<group>"; name = TopLevelAS.h; };
		20315BFB731E44E488F9AD55 /* BufferSuballocator.h */ = {isa = PBXFileReference; lastKnownFileType = sourcecode.c.h; path = ../../../third_party/DiligentCore/Graphics/GraphicsTools/interface/BufferSuballocator.h; sourceTree = "<group>"; name = BufferSuballocator.h; };
		0932C6065DD645B4966A5C9C /* CommonlyUsedStates.h */ = {isa = PBXFileReference; lastKnownFileType = sourcecode.c.h; path = ../../../third_party/DiligentCore/Graphics/GraphicsTools/interface/CommonlyUsedStates.h; sourceTree = "<group>"; name = CommonlyUsedStates.h; };
		11008409664D4A6CBC612493 /* DynamicTextureAtlas.h */ = {isa = PBXFileReference; lastKnownFileType = sourcecode.c.h; path = ../../../third_party/DiligentCore/Graphics/GraphicsTools/interface/DynamicTextureAtlas.h; sourceTree = "<group>"; name = DynamicTextureAtlas.h; };
		2ACB0C4873454F9D9B5754A1 /* GraphicsUtilities.h */ = {isa = PBXFileReference; lastKnownFileType = sourcecode.c.h; path = ../../../third_party/DiligentCore/Graphics/GraphicsTools/interface/GraphicsUtilities.h; sourceTree = "<group>"; name = GraphicsUtilities.h; };
		3B13C65F208A41F3B992AC19 /* DurationQueryHelper.hpp */ = {isa = PBXFileReference; lastKnownFileType = "\"\""; path = ../../../third_party/DiligentCore/Graphics/GraphicsTools/interface/DurationQueryHelper.hpp; sourceTree = "<group>"; name = DurationQueryHelper.hpp; };
		45F325282FA94358819DBDAD /* DynamicBuffer.hpp */ = {isa = PBXFileReference; lastKnownFileType = "\"\""; path = ../../../third_party/DiligentCore/Graphics/GraphicsTools/interface/DynamicBuffer.hpp; sourceTree = "<group>"; name = DynamicBuffer.hpp; };
		E3E6E348C0E24ECFA7E948F8 /* MapHelper.hpp */ = {isa = PBXFileReference; lastKnownFileType = "\"\""; path = ../../../third_party/DiligentCore/Graphics/GraphicsTools/interface/MapHelper.hpp; sourceTree = "<group>"; name = MapHelper.hpp; };
		82BB3CB70A944821B17C3F0D /* ScopedQueryHelper.hpp */ = {isa = PBXFileReference; lastKnownFileType = "\"\""; path = ../../../third_party/DiligentCore/Graphics/GraphicsTools/interface/ScopedQueryHelper.hpp; sourceTree = "<group>"; name = ScopedQueryHelper.hpp; };
		15D9737940D94E5ABC76437C /* ScreenCapture.hpp */ = {isa = PBXFileReference; lastKnownFileType = "\"\""; path = ../../../third_party/DiligentCore/Graphics/GraphicsTools/interface/ScreenCapture.hpp; sourceTree = "<group>"; name = ScreenCapture.hpp; };
		FD2594E90963446683BEF632 /* ShaderMacroHelper.hpp */ = {isa = PBXFileReference; lastKnownFileType = "\"\""; path = ../../../third_party/DiligentCore/Graphics/GraphicsTools/interface/ShaderMacroHelper.hpp; sourceTree = "<group>"; name = ShaderMacroHelper.hpp; };
		9AE0848CCB7243609BFCFD90 /* StreamingBuffer.hpp */ = {isa = PBXFileReference; lastKnownFileType = "\"\""; path = ../../../third_party/DiligentCore/Graphics/GraphicsTools/interface/StreamingBuffer.hpp; sourceTree = "<group>"; name = StreamingBuffer.hpp; };
		0B13C686457E42878E44BE22 /* TextureUploader.hpp */ = {isa = PBXFileReference; lastKnownFileType = "\"\""; path = ../../../third_party/DiligentCore/Graphics/GraphicsTools/interface/TextureUploader.hpp; sourceTree = "<group>"; name = TextureUploader.hpp; };
		83C983F7DEFC405EACE1AE57 /* TextureUploaderBase.hpp */ = {isa = PBXFileReference; lastKnownFileType = "\"\""; path = ../../../third_party/DiligentCore/Graphics/GraphicsTools/interface/TextureUploaderBase.hpp; sourceTree = "<group>"; name = TextureUploaderBase.hpp; };
		25E998A842CA4EBCA2DCC606 /* TextureUploaderD3D11.hpp */ = {isa = PBXFileReference; lastKnownFileType = "\"\""; path = ../../../third_party/DiligentCore/Graphics/GraphicsTools/interface/TextureUploaderD3D11.hpp; sourceTree = "<group>"; name = TextureUploaderD3D11.hpp; };
		EBF7F3B27C01443CA5D92749 /* TextureUploaderD3D12_Vk.hpp */ = {isa = PBXFileReference; lastKnownFileType = "\"\""; path = ../../../third_party/DiligentCore/Graphics/GraphicsTools/interface/TextureUploaderD3D12_Vk.hpp; sourceTree = "<group>"; name = TextureUploaderD3D12_Vk.hpp; };
		5BA2C0F59053445B9B735292 /* TextureUploaderGL.hpp */ = {isa = PBXFileReference; lastKnownFileType = "\"\""; path = ../../../third_party/DiligentCore/Graphics/GraphicsTools/interface/TextureUploaderGL.hpp; sourceTree = "<group>"; name = TextureUploaderGL.hpp; };
		E19C6E8806F64E3BA38251C8 /* AdvancedMath.hpp */ = {isa = PBXFileReference; lastKnownFileType = "\"\""; path = ../../../third_party/DiligentCore/Common/interface/AdvancedMath.hpp; sourceTree = "<group>"; name = AdvancedMath.hpp; };
		E187B406C60C4BED89C37219 /* Align.hpp */ = {isa = PBXFileReference; lastKnownFileType = "\"\""; path = ../../../third_party/DiligentCore/Common/interface/Align.hpp; sourceTree = "<group>"; name = Align.hpp; };
		3371D309DE1D466D9FF9E83F /* BasicFileStream.hpp */ = {isa = PBXFileReference; lastKnownFileType = "\"\""; path = ../../../third_party/DiligentCore/Common/interface/BasicFileStream.hpp; sourceTree = "<group>"; name = BasicFileStream.hpp; };
		1A1C03B5D1E548EF8679FBA7 /* BasicMath.hpp */ = {isa = PBXFileReference; lastKnownFileType = "\"\""; path = ../../../third_party/DiligentCore/Common/interface/BasicMath.hpp; sourceTree = "<group>"; name = BasicMath.hpp; };
		5F6D5FBD9A1F48E5AEBE6754 /* DataBlobImpl.hpp */ = {isa = PBXFileReference; lastKnownFileType = "\"\""; path = ../../../third_party/DiligentCore/Common/interface/DataBlobImpl.hpp; sourceTree = "<group>"; name = DataBlobImpl.hpp; };
		605A0439E4BD4BA9A1EAE446 /* DefaultRawMemoryAllocator.hpp */ = {isa = PBXFileReference; lastKnownFileType = "\"\""; path = ../../../third_party/DiligentCore/Common/interface/DefaultRawMemoryAllocator.hpp; sourceTree = "<group>"; name = DefaultRawMemoryAllocator.hpp; };
		63A7489AAF144E42B5DA2B45 /* DynamicLinearAllocator.hpp */ = {isa = PBXFileReference; lastKnownFileType = "\"\""; path = ../../../third_party/DiligentCore/Common/interface/DynamicLinearAllocator.hpp; sourceTree = "<group>"; name = DynamicLinearAllocator.hpp; };
		C6A3F1F914DF4099A4F4A838 /* FastRand.hpp */ = {isa = PBXFileReference; lastKnownFileType = "\"\""; path = ../../../third_party/DiligentCore/Common/interface/FastRand.hpp; sourceTree = "<group>"; name = FastRand.hpp; };
		73AE7EDCEA574906963911A8 /* FileWrapper.hpp */ = {isa = PBXFileReference; lastKnownFileType = "\"\""; path = ../../../third_party/DiligentCore/Common/interface/FileWrapper.hpp; sourceTree = "<group>"; name = FileWrapper.hpp; };
		4FFF332A727C4AC1969E3A1B /* FilteringTools.hpp */ = {isa = PBXFileReference; lastKnownFileType = "\"\""; path = ../../../third_party/DiligentCore/Common/interface/FilteringTools.hpp; sourceTree = "<group>"; name = FilteringTools.hpp; };
		8D19FCB339B04800A939F727 /* FixedBlockMemoryAllocator.hpp */ = {isa = PBXFileReference; lastKnownFileType = "\"\""; path = ../../../third_party/DiligentCore/Common/interface/FixedBlockMemoryAllocator.hpp; sourceTree = "<group>"; name = FixedBlockMemoryAllocator.hpp; };
		91A7BBADF0BB41DDB4A176B5 /* FixedLinearAllocator.hpp */ = {isa = PBXFileReference; lastKnownFileType = "\"\""; path = ../../../third_party/DiligentCore/Common/interface/FixedLinearAllocator.hpp; sourceTree = "<group>"; name = FixedLinearAllocator.hpp; };
		055954602AA04EA695128EB3 /* HashUtils.hpp */ = {isa = PBXFileReference; lastKnownFileType = "\"\""; path = ../../../third_party/DiligentCore/Common/interface/HashUtils.hpp; sourceTree = "<group>"; name = HashUtils.hpp; };
		85B4FE8399EC45A290F9EA42 /* LockHelper.hpp */ = {isa = PBXFileReference; lastKnownFileType = "\"\""; path = ../../../third_party/DiligentCore/Common/interface/LockHelper.hpp; sourceTree = "<group>"; name = LockHelper.hpp; };
		82B97ED78CB341E59BE7C9E1 /* MemoryFileStream.hpp */ = {isa = PBXFileReference; lastKnownFileType = "\"\""; path = ../../../third_party/DiligentCore/Common/interface/MemoryFileStream.hpp; sourceTree = "<group>"; name = MemoryFileStream.hpp; };
		AF5DF14CE3CF47B0A418C569 /* ObjectBase.hpp */ = {isa = PBXFileReference; lastKnownFileType = "\"\""; path = ../../../third_party/DiligentCore/Common/interface/ObjectBase.hpp; sourceTree = "<group>"; name = ObjectBase.hpp; };
		20DF114A9240463F96B92279 /* RefCntAutoPtr.hpp */ = {isa = PBXFileReference; lastKnownFileType = "\"\""; path = ../../../third_party/DiligentCore/Common/interface/RefCntAutoPtr.hpp; sourceTree = "<group>"; name = RefCntAutoPtr.hpp; };
		7FEAA42F156A440797714237 /* RefCountedObjectImpl.hpp */ = {isa = PBXFileReference; lastKnownFileType = "\"\""; path = ../../../third_party/DiligentCore/Common/interface/RefCountedObjectImpl.hpp; sourceTree = "<group>"; name = RefCountedObjectImpl.hpp; };
		1E7E2BE3730F4A09AF8A39F4 /* STDAllocator.hpp */ = {isa = PBXFileReference; lastKnownFileType = "\"\""; path = ../../../third_party/DiligentCore/Common/interface/STDAllocator.hpp; sourceTree = "<group>"; name = STDAllocator.hpp; };
		E5C03C90718A4C1CA62E33F4 /* StringDataBlobImpl.hpp */ = {isa = PBXFileReference; lastKnownFileType = "\"\""; path = ../../../third_party/DiligentCore/Common/interface/StringDataBlobImpl.hpp; sourceTree = "<group>"; name = StringDataBlobImpl.hpp; };
		F048C9BF1B124A3E940694CF /* StringPool.hpp */ = {isa = PBXFileReference; lastKnownFileType = "\"\""; path = ../../../third_party/DiligentCore/Common/interface/StringPool.hpp; sourceTree = "<group>"; name = StringPool.hpp; };
		BC4F9A76363249C68CBAB0E5 /* StringTools.hpp */ = {isa = PBXFileReference; lastKnownFileType = "\"\""; path = ../../../third_party/DiligentCore/Common/interface/StringTools.hpp; sourceTree = "<group>"; name = StringTools.hpp; };
		99BD12515D1144279E375477 /* ThreadSignal.hpp */ = {isa = PBXFileReference; lastKnownFileType = "\"\""; path = ../../../third_party/DiligentCore/Common/interface/ThreadSignal.hpp; sourceTree = "<group>"; name = ThreadSignal.hpp; };
		1E3EF35E5B4846F08285A0CA /* Timer.hpp */ = {isa = PBXFileReference; lastKnownFileType = "\"\""; path = ../../../third_party/DiligentCore/Common/interface/Timer.hpp; sourceTree = "<group>"; name = Timer.hpp; };
		E0313F15AE15473AA43D1604 /* UniqueIdentifier.hpp */ = {isa = PBXFileReference; lastKnownFileType = "\"\""; path = ../../../third_party/DiligentCore/Common/interface/UniqueIdentifier.hpp; sourceTree = "<group>"; name = UniqueIdentifier.hpp; };
		7B4A685001FD41C984ABFBFC /* ValidatedCast.hpp */ = {isa = PBXFileReference; lastKnownFileType = "\"\""; path = ../../../third_party/DiligentCore/Common/interface/ValidatedCast.hpp; sourceTree = "<group>"; name = ValidatedCast.hpp; };
		C4DE99EBF5F746D48CEB7BA4 /* BasicTypes.h */ = {isa = PBXFileReference; lastKnownFileType = sourcecode.c.h; path = ../../../third_party/DiligentCore/Primitives/interface/BasicTypes.h; sourceTree = "<group>"; name = BasicTypes.h; };
		DCB12550F1CC4C3388F212CD /* CommonDefinitions.h */ = {isa = PBXFileReference; lastKnownFileType = sourcecode.c.h; path = ../../../third_party/DiligentCore/Primitives/interface/CommonDefinitions.h; sourceTree = "<group>"; name = CommonDefinitions.h; };
		FD70026A7CB54CEC84E338C7 /* DataBlob.h */ = {isa = PBXFileReference; lastKnownFileType = sourcecode.c.h; path = ../../../third_party/DiligentCore/Primitives/interface/DataBlob.h; sourceTree = "<group>"; name = DataBlob.h; };
		1503E31F09994E03BC3A99ED /* DebugOutput.h */ = {isa = PBXFileReference; lastKnownFileType = sourcecode.c.h; path = ../../../third_party/DiligentCore/Primitives/interface/DebugOutput.h; sourceTree = "<group>"; name = DebugOutput.h; };
		D783263EE6FC440C8F870585 /* DefineGlobalFuncHelperMacros.h */ = {isa = PBXFileReference; lastKnownFileType = sourcecode.c.h; path = ../../../third_party/DiligentCore/Primitives/interface/DefineGlobalFuncHelperMacros.h; sourceTree = "<group>"; name = DefineGlobalFuncHelperMacros.h; };
		50A8532E98084421AC0B34FA /* DefineInterfaceHelperMacros.h */ = {isa = PBXFileReference; lastKnownFileType = sourcecode.c.h; path = ../../../third_party/DiligentCore/Primitives/interface/DefineInterfaceHelperMacros.h; sourceTree = "<group>"; name = DefineInterfaceHelperMacros.h; };
		CA14642C16EE43E1B8CF7985 /* FileStream.h */ = {isa = PBXFileReference; lastKnownFileType = sourcecode.c.h; path = ../../../third_party/DiligentCore/Primitives/interface/FileStream.h; sourceTree = "<group>"; name = FileStream.h; };
		7543B5C3BD4A4823AD11341D /* FlagEnum.h */ = {isa = PBXFileReference; lastKnownFileType = sourcecode.c.h; path = ../../../third_party/DiligentCore/Primitives/interface/FlagEnum.h; sourceTree = "<group>"; name = FlagEnum.h; };
		6B1E6BE1DCA14BBDB1ECB401 /* InterfaceID.h */ = {isa = PBXFileReference; lastKnownFileType = sourcecode.c.h; path = ../../../third_party/DiligentCore/Primitives/interface/InterfaceID.h; sourceTree = "<group>"; name = InterfaceID.h; };
		7A207BB092B841AB86F32DE9 /* MemoryAllocator.h */ = {isa = PBXFileReference; lastKnownFileType = sourcecode.c.h; path = ../../../third_party/DiligentCore/Primitives/interface/MemoryAllocator.h; sourceTree = "<group>"; name = MemoryAllocator.h; };
		149F50516CC74A6C965AA713 /* Object.h */ = {isa = PBXFileReference; lastKnownFileType = sourcecode.c.h; path = ../../../third_party/DiligentCore/Primitives/interface/Object.h; sourceTree = "<group>"; name = Object.h; };
		7EC0CECED5DB4029B8AFF7D2 /* ReferenceCounters.h */ = {isa = PBXFileReference; lastKnownFileType = sourcecode.c.h; path = ../../../third_party/DiligentCore/Primitives/interface/ReferenceCounters.h; sourceTree = "<group>"; name = ReferenceCounters.h; };
		3E9024A76ABC49D0BC95AAC5 /* UndefGlobalFuncHelperMacros.h */ = {isa = PBXFileReference; lastKnownFileType = sourcecode.c.h; path = ../../../third_party/DiligentCore/Primitives/interface/UndefGlobalFuncHelperMacros.h; sourceTree = "<group>"; name = UndefGlobalFuncHelperMacros.h; };
		0A46821DF7624231A36244AD /* UndefInterfaceHelperMacros.h */ = {isa = PBXFileReference; lastKnownFileType = sourcecode.c.h; path = ../../../third_party/DiligentCore/Primitives/interface/UndefInterfaceHelperMacros.h; sourceTree = "<group>"; name = UndefInterfaceHelperMacros.h; };
/* End PBXFileReference section */

/* Begin PBXFrameworksBuildPhase section */
		8D11072E0486CEB800E47090 /* Frameworks */ = {
			isa = PBXFrameworksBuildPhase;
			buildActionMask = 2147483647;
			files = (
				006D720419952D00008149E2 /* AVFoundation.framework in Frameworks */,
				006D720519952D00008149E2 /* CoreMedia.framework in Frameworks */,
				8D11072F0486CEB800E47090 /* Cocoa.framework in Frameworks */,
				0091D8F90E81B9330029341E /* OpenGL.framework in Frameworks */,
				5323E6B20EAFCA74003A9687 /* CoreVideo.framework in Frameworks */,
				00B784B30FF439BC000DE1D7 /* Accelerate.framework in Frameworks */,
				00B784B40FF439BC000DE1D7 /* AudioToolbox.framework in Frameworks */,
				00B784B50FF439BC000DE1D7 /* AudioUnit.framework in Frameworks */,
				00B784B60FF439BC000DE1D7 /* CoreAudio.framework in Frameworks */,
				00B9955A1B128DF400A5C623 /* IOKit.framework in Frameworks */,
				00B9955B1B128DF400A5C623 /* IOSurface.framework in Frameworks */,
			);
			runOnlyForDeploymentPostprocessing = 0;
		};
/* End PBXFrameworksBuildPhase section */

/* Begin PBXGroup section */
		080E96DDFE201D6D7F000001 /* Source */ = {
			isa = PBXGroup;
			children = (
				620E4160F0434202A00C0E43 /* CubeApp.cpp */,
			);
			name = Source;
			sourceTree = "<group>";
		};
		1058C7A0FEA54F0111CA2CBB /* Linked Frameworks */ = {
			isa = PBXGroup;
			children = (
				006D720219952D00008149E2 /* AVFoundation.framework */,
				006D720319952D00008149E2 /* CoreMedia.framework */,
				00B784AF0FF439BC000DE1D7 /* Accelerate.framework */,
				00B784B00FF439BC000DE1D7 /* AudioToolbox.framework */,
				00B784B10FF439BC000DE1D7 /* AudioUnit.framework */,
				00B784B20FF439BC000DE1D7 /* CoreAudio.framework */,
				5323E6B10EAFCA74003A9687 /* CoreVideo.framework */,
				0091D8F80E81B9330029341E /* OpenGL.framework */,
				1058C7A1FEA54F0111CA2CBB /* Cocoa.framework */,
				00B995581B128DF400A5C623 /* IOKit.framework */,
				00B995591B128DF400A5C623 /* IOSurface.framework */,
			);
			name = "Linked Frameworks";
			sourceTree = "<group>";
		};
		1058C7A2FEA54F0111CA2CBB /* Other Frameworks */ = {
			isa = PBXGroup;
			children = (
				29B97324FDCFA39411CA2CEA /* AppKit.framework */,
				29B97325FDCFA39411CA2CEA /* Foundation.framework */,
			);
			name = "Other Frameworks";
			sourceTree = "<group>";
		};
		19C28FACFE9D520D11CA2CBB /* Products */ = {
			isa = PBXGroup;
			children = (
				8D1107320486CEB800E47090 /* Cube.app */,
			);
			name = Products;
			sourceTree = "<group>";
		};
		29B97314FDCFA39411CA2CEA /* Cube */ = {
			isa = PBXGroup;
			children = (
				01B97315FEAEA392516A2CEA /* Blocks */,
				29B97315FDCFA39411CA2CEA /* Headers */,
				080E96DDFE201D6D7F000001 /* Source */,
				29B97317FDCFA39411CA2CEA /* Resources */,
				29B97323FDCFA39411CA2CEA /* Frameworks */,
				19C28FACFE9D520D11CA2CBB /* Products */,
			);
			name = Cube;
			sourceTree = "<group>";
		};
		67FA0CE2A9B74450A348E81B /* app */ = {
			isa = PBXGroup;
			children = (
				486C72B28679439599B50BF2 /* RendererGx.cpp */,
			);
			name = app;
			sourceTree = "<group>";
		};
		C51673A4B81D457780025ADB /* graphics */ = {
			isa = PBXGroup;
			children = (
				00914EA3206541AFB3F1CABA /* Buffer.cpp */,
				EF387A6EA977493AB780DE93 /* PipelineState.cpp */,
				3EA83B3400AB43548A71647F /* Shader.cpp */,
				F435524438AF4E9F99A3B78A /* wrapper.cpp */,
			);
			name = graphics;
			sourceTree = "<group>";
		};
		27E2EA940B7644B8A4CD41E1 /* cinder */ = {
			isa = PBXGroup;
			children = (
				67FA0CE2A9B74450A348E81B /* app */,
				C51673A4B81D457780025ADB /* graphics */,
			);
			name = cinder;
			sourceTree = "<group>";
		};
		9CBEFD90BEDD43B79C11B279 /* src */ = {
			isa = PBXGroup;
			children = (
				27E2EA940B7644B8A4CD41E1 /* cinder */,
			);
			name = src;
			sourceTree = "<group>";
		};
		8C311D1055104D8FB1B24FF5 /* app */ = {
			isa = PBXGroup;
			children = (
				8E0DED3575FD440189DB06AD /* RendererGx.h */,
			);
			name = app;
			sourceTree = "<group>";
		};
		916A659E85D94142AAAF9BA6 /* graphics */ = {
			isa = PBXGroup;
			children = (
				31B1CC5E09C646759FB76B4C /* BlendState.h */,
				ED2CE125C8CE4701B97F1ED6 /* Buffer.h */,
				A111AB7475CB4286ACE33D45 /* DepthStencilState.h */,
				B6F9923E739B4E299C8A7F90 /* InputLayout.h */,
				7992D6F470D54D03BDEC81CD /* PipelineState.h */,
				E5306DDB3C1F4801AD16D9C8 /* platform.h */,
				FDFB6044DA5C4881A3CEAF54 /* RasterizerState.h */,
				C29466A527C4403FACFF8747 /* Shader.h */,
				BAC201639EB94382A15FEDE0 /* wrapper.h */,
			);
			name = graphics;
			sourceTree = "<group>";
		};
		E0C7105078764A909C370C0B /* cinder */ = {
			isa = PBXGroup;
			children = (
				8C311D1055104D8FB1B24FF5 /* app */,
				916A659E85D94142AAAF9BA6 /* graphics */,
			);
			name = cinder;
			sourceTree = "<group>";
		};
		1B1EFCCD8B6C4087A8722440 /* include */ = {
			isa = PBXGroup;
			children = (
				E0C7105078764A909C370C0B /* cinder */,
			);
			name = include;
			sourceTree = "<group>";
		};
		A839283743EC495A8816CE03 /* interface */ = {
			isa = PBXGroup;
			children = (
				0078407CF35B45768059198A /* ColorConversion.h */,
				9FDED6B238074A58BFC46932 /* DynamicAtlasManager.hpp */,
				824916E1D40A44A1931ABB90 /* GraphicsAccessories.hpp */,
				D4C796FF1CAD4F318D95B137 /* GraphicsTypesOutputInserters.hpp */,
				FE489E836FEE49D489AE8E85 /* ResourceReleaseQueue.hpp */,
				44182AF9D94545EDB67D540A /* RingBuffer.hpp */,
				CDF01F6295484955B8794E6D /* SRBMemoryAllocator.hpp */,
				96BF1E7B714442D3B93665D8 /* VariableSizeAllocationsManager.hpp */,
				418BCD6E89AF41DF804713D8 /* VariableSizeGPUAllocationsManager.hpp */,
			);
			name = interface;
			sourceTree = "<group>";
		};
		26FA23728F24405398B4A8F7 /* GraphicsAccessories */ = {
			isa = PBXGroup;
			children = (
				A839283743EC495A8816CE03 /* interface */,
			);
			name = GraphicsAccessories;
			sourceTree = "<group>";
		};
		23D6953CCE8C4CF69E922C01 /* interface */ = {
			isa = PBXGroup;
			children = (
				00212B4EBDA948ECB9204B8E /* APIInfo.h */,
				3EFDC7B2E829436197EC9447 /* BlendState.h */,
				1E4AA5228A3841E899FC2BE7 /* BottomLevelAS.h */,
				05748506453B4161AB185A29 /* Buffer.h */,
				B3F998D7E9DD4026980CD501 /* BufferView.h */,
				86BD8243E57E42A0B35BCD75 /* CommandList.h */,
				EE2A8BA17E5D46EE8AC7E2B4 /* Constants.h */,
				5C3AB289F5114A04B13CE6BE /* DepthStencilState.h */,
				99B6CC509D964609AC6940C6 /* DeviceContext.h */,
				10F1BEE56EDF48358A5FD761 /* DeviceObject.h */,
				8D469AE7B1FD46B19AC60953 /* EngineFactory.h */,
				86F6615EFB1C443181680AF8 /* Fence.h */,
				AC01C642264B4417BBBC40D5 /* Framebuffer.h */,
				684AC9D7D76E4F199B8174DB /* GraphicsTypes.h */,
				87D1F24BE14E4E79815B4C54 /* InputLayout.h */,
				ABA2F4854B2742ED82912440 /* LoadEngineDll.h */,
				539D3377C9B540EFAE426109 /* PipelineState.h */,
				2F8BBA1EF5FB4ED9B45B79C7 /* Query.h */,
				C8349EE19A554E77B42C8AA2 /* RasterizerState.h */,
				B0DA8E4F6CC34E99986C2663 /* RenderDevice.h */,
				BECBB781F8EB454D82780280 /* RenderPass.h */,
				5FB4F4853B444F2A92CBB038 /* ResourceMapping.h */,
				1BDD17CC2FBE40AD951787FA /* Sampler.h */,
				08BA331B246F4E49AB76CFB1 /* Shader.h */,
				84FCADAE03B3440D8E330F23 /* ShaderBindingTable.h */,
				FA0518A299BE418D88B4A0A3 /* ShaderResourceBinding.h */,
				83407E35DA3D490EBDF15707 /* ShaderResourceVariable.h */,
				8976C6DA847C40F2AF1EC596 /* SwapChain.h */,
				7FCDE825466E4DC18238C38C /* Texture.h */,
				5B2679CA4A91484C852EB520 /* TextureView.h */,
				989127CE83B04A8888D47A06 /* TopLevelAS.h */,
			);
			name = interface;
			sourceTree = "<group>";
		};
		D4BA2C5C890F4214B89C026C /* GraphicsEngine */ = {
			isa = PBXGroup;
			children = (
				23D6953CCE8C4CF69E922C01 /* interface */,
			);
			name = GraphicsEngine;
			sourceTree = "<group>";
		};
		38EB6A02ED8941819B04ADDC /* interface */ = {
			isa = PBXGroup;
			children = (
				20315BFB731E44E488F9AD55 /* BufferSuballocator.h */,
				0932C6065DD645B4966A5C9C /* CommonlyUsedStates.h */,
				11008409664D4A6CBC612493 /* DynamicTextureAtlas.h */,
				2ACB0C4873454F9D9B5754A1 /* GraphicsUtilities.h */,
				3B13C65F208A41F3B992AC19 /* DurationQueryHelper.hpp */,
				45F325282FA94358819DBDAD /* DynamicBuffer.hpp */,
				E3E6E348C0E24ECFA7E948F8 /* MapHelper.hpp */,
				82BB3CB70A944821B17C3F0D /* ScopedQueryHelper.hpp */,
				15D9737940D94E5ABC76437C /* ScreenCapture.hpp */,
				FD2594E90963446683BEF632 /* ShaderMacroHelper.hpp */,
				9AE0848CCB7243609BFCFD90 /* StreamingBuffer.hpp */,
				0B13C686457E42878E44BE22 /* TextureUploader.hpp */,
				83C983F7DEFC405EACE1AE57 /* TextureUploaderBase.hpp */,
				25E998A842CA4EBCA2DCC606 /* TextureUploaderD3D11.hpp */,
				EBF7F3B27C01443CA5D92749 /* TextureUploaderD3D12_Vk.hpp */,
				5BA2C0F59053445B9B735292 /* TextureUploaderGL.hpp */,
			);
			name = interface;
			sourceTree = "<group>";
		};
		9B5708BC600A48059B6196B5 /* GraphicsTools */ = {
			isa = PBXGroup;
			children = (
				38EB6A02ED8941819B04ADDC /* interface */,
			);
			name = GraphicsTools;
			sourceTree = "<group>";
		};
		E75CCD13C4EF46B2A5E7B796 /* Graphics */ = {
			isa = PBXGroup;
			children = (
				26FA23728F24405398B4A8F7 /* GraphicsAccessories */,
				D4BA2C5C890F4214B89C026C /* GraphicsEngine */,
				9B5708BC600A48059B6196B5 /* GraphicsTools */,
			);
			name = Graphics;
			sourceTree = "<group>";
		};
		608AF14D9BC74908A5AF90BA /* interface */ = {
			isa = PBXGroup;
			children = (
				E19C6E8806F64E3BA38251C8 /* AdvancedMath.hpp */,
				E187B406C60C4BED89C37219 /* Align.hpp */,
				3371D309DE1D466D9FF9E83F /* BasicFileStream.hpp */,
				1A1C03B5D1E548EF8679FBA7 /* BasicMath.hpp */,
				5F6D5FBD9A1F48E5AEBE6754 /* DataBlobImpl.hpp */,
				605A0439E4BD4BA9A1EAE446 /* DefaultRawMemoryAllocator.hpp */,
				63A7489AAF144E42B5DA2B45 /* DynamicLinearAllocator.hpp */,
				C6A3F1F914DF4099A4F4A838 /* FastRand.hpp */,
				73AE7EDCEA574906963911A8 /* FileWrapper.hpp */,
				4FFF332A727C4AC1969E3A1B /* FilteringTools.hpp */,
				8D19FCB339B04800A939F727 /* FixedBlockMemoryAllocator.hpp */,
				91A7BBADF0BB41DDB4A176B5 /* FixedLinearAllocator.hpp */,
				055954602AA04EA695128EB3 /* HashUtils.hpp */,
				85B4FE8399EC45A290F9EA42 /* LockHelper.hpp */,
				82B97ED78CB341E59BE7C9E1 /* MemoryFileStream.hpp */,
				AF5DF14CE3CF47B0A418C569 /* ObjectBase.hpp */,
				20DF114A9240463F96B92279 /* RefCntAutoPtr.hpp */,
				7FEAA42F156A440797714237 /* RefCountedObjectImpl.hpp */,
				1E7E2BE3730F4A09AF8A39F4 /* STDAllocator.hpp */,
				E5C03C90718A4C1CA62E33F4 /* StringDataBlobImpl.hpp */,
				F048C9BF1B124A3E940694CF /* StringPool.hpp */,
				BC4F9A76363249C68CBAB0E5 /* StringTools.hpp */,
				99BD12515D1144279E375477 /* ThreadSignal.hpp */,
				1E3EF35E5B4846F08285A0CA /* Timer.hpp */,
				E0313F15AE15473AA43D1604 /* UniqueIdentifier.hpp */,
				7B4A685001FD41C984ABFBFC /* ValidatedCast.hpp */,
			);
			name = interface;
			sourceTree = "<group>";
		};
		C604A0A669FF48F89BA06C48 /* Common */ = {
			isa = PBXGroup;
			children = (
				608AF14D9BC74908A5AF90BA /* interface */,
			);
			name = Common;
			sourceTree = "<group>";
		};
		9D839662411D47459C6A8EA4 /* interface */ = {
			isa = PBXGroup;
			children = (
				C4DE99EBF5F746D48CEB7BA4 /* BasicTypes.h */,
				DCB12550F1CC4C3388F212CD /* CommonDefinitions.h */,
				FD70026A7CB54CEC84E338C7 /* DataBlob.h */,
				1503E31F09994E03BC3A99ED /* DebugOutput.h */,
				D783263EE6FC440C8F870585 /* DefineGlobalFuncHelperMacros.h */,
				50A8532E98084421AC0B34FA /* DefineInterfaceHelperMacros.h */,
				CA14642C16EE43E1B8CF7985 /* FileStream.h */,
				7543B5C3BD4A4823AD11341D /* FlagEnum.h */,
				6B1E6BE1DCA14BBDB1ECB401 /* InterfaceID.h */,
				7A207BB092B841AB86F32DE9 /* MemoryAllocator.h */,
				149F50516CC74A6C965AA713 /* Object.h */,
				7EC0CECED5DB4029B8AFF7D2 /* ReferenceCounters.h */,
				3E9024A76ABC49D0BC95AAC5 /* UndefGlobalFuncHelperMacros.h */,
				0A46821DF7624231A36244AD /* UndefInterfaceHelperMacros.h */,
			);
			name = interface;
			sourceTree = "<group>";
		};
		3E12DF863B734DE7BF5ACBC2 /* Primitives */ = {
			isa = PBXGroup;
			children = (
				9D839662411D47459C6A8EA4 /* interface */,
			);
			name = Primitives;
			sourceTree = "<group>";
		};
		CBA1C2E0D06F4EF8960D8E2F /* DiligentCore */ = {
			isa = PBXGroup;
			children = (
				E75CCD13C4EF46B2A5E7B796 /* Graphics */,
				C604A0A669FF48F89BA06C48 /* Common */,
				3E12DF863B734DE7BF5ACBC2 /* Primitives */,
			);
			name = DiligentCore;
			sourceTree = "<group>";
		};
		D72303DCFAC445E2B97DDD4E /* third_party */ = {
			isa = PBXGroup;
			children = (
				CBA1C2E0D06F4EF8960D8E2F /* DiligentCore */,
			);
			name = third_party;
			sourceTree = "<group>";
		};
		A913A0CDF70A4BFAB1420738 /* Cinder-Gx */ = {
			isa = PBXGroup;
			children = (
				9CBEFD90BEDD43B79C11B279 /* src */,
				1B1EFCCD8B6C4087A8722440 /* include */,
				D72303DCFAC445E2B97DDD4E /* third_party */,
			);
			name = "Cinder-Gx";
			sourceTree = "<group>";
		};
		01B97315FEAEA392516A2CEA /* Blocks */ = {
			isa = PBXGroup;
			children = (
				A913A0CDF70A4BFAB1420738 /* Cinder-Gx */,
			);
			name = Blocks;
			sourceTree = "<group>";
		};
		29B97315FDCFA39411CA2CEA /* Headers */ = {
			isa = PBXGroup;
			children = (
			);
			name = Headers;
			sourceTree = "<group>";
		};
		29B97317FDCFA39411CA2CEA /* Resources */ = {
			isa = PBXGroup;
			children = (
			);
			name = Resources;
			sourceTree = "<group>";
		};
		29B97323FDCFA39411CA2CEA /* Frameworks */ = {
			isa = PBXGroup;
			children = (
				1058C7A0FEA54F0111CA2CBB /* Linked Frameworks */,
				1058C7A2FEA54F0111CA2CBB /* Other Frameworks */,
			);
			name = Frameworks;
			sourceTree = "<group>";
		};
/* End PBXGroup section */

/* Begin PBXNativeTarget section */
		8D1107260486CEB800E47090 /* Cube */ = {
			isa = PBXNativeTarget;
			buildConfigurationList = C01FCF4A08A954540054247B /* Build configuration list for PBXNativeTarget "Cube" */;
			buildPhases = (
				8D1107290486CEB800E47090 /* Resources */,
				8D11072C0486CEB800E47090 /* Sources */,
				8D11072E0486CEB800E47090 /* Frameworks */,
			);
			buildRules = (
			);
			dependencies = (
			);
			name = Cube;
			productInstallPath = "$(HOME)/Applications";
			productName = Cube;
			productReference = 8D1107320486CEB800E47090 /* Cube.app */;
			productType = "com.apple.product-type.application";
		};
/* End PBXNativeTarget section */

/* Begin PBXProject section */
		29B97313FDCFA39411CA2CEA /* Project object */ = {
			isa = PBXProject;
			buildConfigurationList = C01FCF4E08A954540054247B /* Build configuration list for PBXProject "Cube" */;
			compatibilityVersion = "Xcode 3.2";
			developmentRegion = English;
			hasScannedForEncodings = 1;
			knownRegions = (
				English,
				Japanese,
				French,
				German,
			);
			mainGroup = 29B97314FDCFA39411CA2CEA /* Cube */;
			projectDirPath = "";
			projectRoot = "";
			targets = (
				8D1107260486CEB800E47090 /* Cube */,
			);
		};
/* End PBXProject section */

/* Begin PBXResourcesBuildPhase section */
		8D1107290486CEB800E47090 /* Resources */ = {
			isa = PBXResourcesBuildPhase;
			buildActionMask = 2147483647;
			files = (
			);
			runOnlyForDeploymentPostprocessing = 0;
		};
/* End PBXResourcesBuildPhase section */

/* Begin PBXSourcesBuildPhase section */
		8D11072C0486CEB800E47090 /* Sources */ = {
			isa = PBXSourcesBuildPhase;
			buildActionMask = 2147483647;
			files = (
				8E12206BB9C14784BF8749F4 /* CubeApp.cpp in Sources */,
				864B6AB07C7A40CCB03B08F4 /* RendererGx.cpp in Sources */,
				D0283E09AC7740EF85C034B9 /* Buffer.cpp in Sources */,
				16B27FA8007349B1BDB95B2F /* PipelineState.cpp in Sources */,
				8DE34A88670C47548569CE92 /* Shader.cpp in Sources */,
				1607A45BEAD44D72AE74E9E6 /* wrapper.cpp in Sources */,
			);
			runOnlyForDeploymentPostprocessing = 0;
		};
/* End PBXSourcesBuildPhase section */

/* Begin XCBuildConfiguration section */
		C01FCF4B08A954540054247B /* Debug */ = {
			isa = XCBuildConfiguration;
			buildSettings = {
				COMBINE_HIDPI_IMAGES = YES;
				DEAD_CODE_STRIPPING = YES;
				COPY_PHASE_STRIP = NO;
				GCC_DYNAMIC_NO_PIC = NO;
				GCC_INLINES_ARE_PRIVATE_EXTERN = YES;
				GCC_OPTIMIZATION_LEVEL = 0;
				GCC_PREPROCESSOR_DEFINITIONS = (
					"DEBUG=1",
					"$(inherited)",
				);
				GCC_PRECOMPILE_PREFIX_HEADER = YES;
				GCC_PREFIX_HEADER = Cube_Prefix.pch;
				GCC_SYMBOLS_PRIVATE_EXTERN = NO;
				INFOPLIST_FILE = Info.plist;
				INSTALL_PATH = "$(HOME)/Applications";
				OTHER_LDFLAGS = "\"$(CINDER_PATH)/lib/macosx/$(CONFIGURATION)/libcinder.a\"";
				PRODUCT_BUNDLE_IDENTIFIER = "org.libcinder.${PRODUCT_NAME:rfc1034identifier}";
				PRODUCT_NAME = Cube;
				SYMROOT = ./build;
				WRAPPER_EXTENSION = app;
			};
			name = Debug;
		};
		C01FCF4C08A954540054247B /* Release */ = {
			isa = XCBuildConfiguration;
			buildSettings = {
				COMBINE_HIDPI_IMAGES = YES;
				DEAD_CODE_STRIPPING = YES;
				DEBUG_INFORMATION_FORMAT = "dwarf-with-dsym";
				GCC_FAST_MATH = YES;
				GCC_GENERATE_DEBUGGING_SYMBOLS = NO;
				GCC_INLINES_ARE_PRIVATE_EXTERN = YES;
				GCC_OPTIMIZATION_LEVEL = 3;
				GCC_PREPROCESSOR_DEFINITIONS = (
					"NDEBUG=1",
					"$(inherited)",
				);
				GCC_PRECOMPILE_PREFIX_HEADER = YES;
				GCC_PREFIX_HEADER = Cube_Prefix.pch;
				GCC_SYMBOLS_PRIVATE_EXTERN = NO;
				INFOPLIST_FILE = Info.plist;
				INSTALL_PATH = "$(HOME)/Applications";
				OTHER_LDFLAGS = "\"$(CINDER_PATH)/lib/macosx/$(CONFIGURATION)/libcinder.a\"";
				PRODUCT_BUNDLE_IDENTIFIER = "org.libcinder.${PRODUCT_NAME:rfc1034identifier}";
				PRODUCT_NAME = Cube;
				STRIP_INSTALLED_PRODUCT = YES;
				SYMROOT = ./build;
				WRAPPER_EXTENSION = app;
			};
			name = Release;
		};
		C01FCF4F08A954540054247B /* Debug */ = {
			isa = XCBuildConfiguration;
			buildSettings = {
				ALWAYS_SEARCH_USER_PATHS = NO;
				CINDER_PATH = "../../../../..";
				CLANG_CXX_LANGUAGE_STANDARD = "c++11";
				CLANG_CXX_LIBRARY = "libc++";
				ENABLE_TESTABILITY = YES;
				GCC_WARN_ABOUT_RETURN_TYPE = YES;
				GCC_WARN_UNUSED_VARIABLE = YES;
				HEADER_SEARCH_PATHS = "\"$(CINDER_PATH)/include\"";
				MACOSX_DEPLOYMENT_TARGET = 10.8;
				ONLY_ACTIVE_ARCH = YES;
				SDKROOT = macosx;
				USER_HEADER_SEARCH_PATHS = (
					"\"$(CINDER_PATH)/include\" ../include",
					../../../include,
					../../../third_party,
				);
			};
			name = Debug;
		};
		C01FCF5008A954540054247B /* Release */ = {
			isa = XCBuildConfiguration;
			buildSettings = {
				ALWAYS_SEARCH_USER_PATHS = NO;
				CINDER_PATH = "../../../../..";
				CLANG_CXX_LANGUAGE_STANDARD = "c++11";
				CLANG_CXX_LIBRARY = "libc++";
				GCC_WARN_ABOUT_RETURN_TYPE = YES;
				GCC_WARN_UNUSED_VARIABLE = YES;
				HEADER_SEARCH_PATHS = "\"$(CINDER_PATH)/include\"";
				MACOSX_DEPLOYMENT_TARGET = 10.8;
				SDKROOT = macosx;
				USER_HEADER_SEARCH_PATHS = (
					"\"$(CINDER_PATH)/include\" ../include",
					../../../include,
					../../../third_party,
				);
			};
			name = Release;
		};
/* End XCBuildConfiguration section */

/* Begin XCConfigurationList section */
		C01FCF4A08A954540054247B /* Build configuration list for PBXNativeTarget "Cube" */ = {
			isa = XCConfigurationList;
			buildConfigurations = (
				C01FCF4B08A954540054247B /* Debug */,
				C01FCF4C08A954540054247B /* Release */,
			);
			defaultConfigurationIsVisible = 0;
			defaultConfigurationName = Release;
		};
		C01FCF4E08A954540054247B /* Build configuration list for PBXProject "Cube" */ = {
			isa = XCConfigurationList;
			buildConfigurations = (
				C01FCF4F08A954540054247B /* Debug */,
				C01FCF5008A954540054247B /* Release */,
			);
			defaultConfigurationIsVisible = 0;
			defaultConfigurationName = Release;
		};
/* End XCConfigurationList section */
	};
	rootObject = 29B97313FDCFA39411CA2CEA /* Project object */;
}
