<Project ToolsVersion="4.0" xmlns="http://schemas.microsoft.com/developer/msbuild/2003">
  <ItemGroup>
    <Filter Include="Source Files">
      <UniqueIdentifier>{4FC737F1-C7A5-4376-A066-2A32D752A2FF}</UniqueIdentifier>
      <Extensions>cpp;c;cc;cxx;def;odl;idl;hpj;bat;asm;asmx</Extensions>
    </Filter>
    <Filter Include="Header Files">
      <UniqueIdentifier>{93995380-89BD-4b04-88EB-625FBE52EBFB}</UniqueIdentifier>
      <Extensions>h;hpp;hxx;hm;inl;inc;xsd</Extensions>
    </Filter>
    <Filter Include="Resource Files">
      <UniqueIdentifier>{67DA6AB6-F800-4c08-8B7A-83BB121AAD01}</UniqueIdentifier>
      <Extensions>rc;ico;cur;bmp;dlg;rc2;rct;bin;rgs;gif;jpg;jpeg;jpe;resx;tiff;tif;png;wav</Extensions>
    </Filter>
    <Filter Include="Blocks">
      <UniqueIdentifier>{56A5E96A-7A0A-4E60-A3C9-AA058AB13B23}</UniqueIdentifier>
    </Filter>
    <Filter Include="Blocks\Cinder-Gx">
      <UniqueIdentifier>{B32F5879-1B45-40DB-A88B-42C05F743524}</UniqueIdentifier>
    </Filter>
    <Filter Include="Blocks\Cinder-Gx\src">
      <UniqueIdentifier>{CDE63F2B-C63A-4439-A2D8-598DC663A80D}</UniqueIdentifier>
    </Filter>
    <Filter Include="Blocks\Cinder-Gx\src\cinder">
      <UniqueIdentifier>{547BE8E5-4412-41B7-BE19-E722D12ECF70}</UniqueIdentifier>
    </Filter>
    <Filter Include="Blocks\Cinder-Gx\src\cinder\app">
      <UniqueIdentifier>{10BD6EEB-E6DB-448C-855F-D8F73E83E422}</UniqueIdentifier>
    </Filter>
    <Filter Include="Blocks\Cinder-Gx\src\cinder\graphics">
      <UniqueIdentifier>{1CA10E17-A839-4417-8199-18E38648F0BD}</UniqueIdentifier>
    </Filter>
    <Filter Include="Blocks\Cinder-Gx\include">
      <UniqueIdentifier>{F3EE565C-282E-4C5C-A824-D6C9B85E95F9}</UniqueIdentifier>
    </Filter>
    <Filter Include="Blocks\Cinder-Gx\include\cinder">
      <UniqueIdentifier>{19B0B8B4-5113-437B-94E0-8C39A639D269}</UniqueIdentifier>
    </Filter>
    <Filter Include="Blocks\Cinder-Gx\include\cinder\app">
      <UniqueIdentifier>{461CB187-A025-403B-AC7B-8FF742DFDC6E}</UniqueIdentifier>
    </Filter>
    <Filter Include="Blocks\Cinder-Gx\include\cinder\graphics">
      <UniqueIdentifier>{D3982E11-152A-4C91-AD74-EF89C7044467}</UniqueIdentifier>
    </Filter>
    <Filter Include="Blocks\Cinder-Gx\third_party">
      <UniqueIdentifier>{CDE45535-2C09-403B-A74F-67DEBB099F29}</UniqueIdentifier>
    </Filter>
    <Filter Include="Blocks\Cinder-Gx\third_party\DiligentCore">
      <UniqueIdentifier>{79F87BD0-4ECB-4445-AF8B-A624D9429A71}</UniqueIdentifier>
    </Filter>
    <Filter Include="Blocks\Cinder-Gx\third_party\DiligentCore\Graphics">
      <UniqueIdentifier>{BC2E83A5-F091-45EB-86C6-0E8D76FD6437}</UniqueIdentifier>
    </Filter>
    <Filter Include="Blocks\Cinder-Gx\third_party\DiligentCore\Graphics\GraphicsAccessories">
      <UniqueIdentifier>{38B89FA0-9AC9-4EDF-9F0B-B4249671570B}</UniqueIdentifier>
    </Filter>
    <Filter Include="Blocks\Cinder-Gx\third_party\DiligentCore\Graphics\GraphicsAccessories\interface">
      <UniqueIdentifier>{93518D77-D9A3-447A-B4FE-6E6475F4AC10}</UniqueIdentifier>
    </Filter>
    <Filter Include="Blocks\Cinder-Gx\third_party\DiligentCore\Graphics\GraphicsEngine">
      <UniqueIdentifier>{957AB6F4-3F97-4E1D-97BA-69A8682923C0}</UniqueIdentifier>
    </Filter>
    <Filter Include="Blocks\Cinder-Gx\third_party\DiligentCore\Graphics\GraphicsEngine\interface">
      <UniqueIdentifier>{FADDF75E-56A8-4F15-9854-655C5FCEEF14}</UniqueIdentifier>
    </Filter>
    <Filter Include="Blocks\Cinder-Gx\third_party\DiligentCore\Graphics\GraphicsTools">
      <UniqueIdentifier>{7EF11336-9405-4049-BBC9-F349A77DA2B4}</UniqueIdentifier>
    </Filter>
    <Filter Include="Blocks\Cinder-Gx\third_party\DiligentCore\Graphics\GraphicsTools\interface">
      <UniqueIdentifier>{E2119207-78BF-445D-87E1-74894CC20737}</UniqueIdentifier>
    </Filter>
    <Filter Include="Blocks\Cinder-Gx\third_party\DiligentCore\Common">
      <UniqueIdentifier>{78277EA4-CACB-4A49-9C67-02BAC5915F88}</UniqueIdentifier>
    </Filter>
    <Filter Include="Blocks\Cinder-Gx\third_party\DiligentCore\Common\interface">
      <UniqueIdentifier>{FD2C0BDD-0D51-4148-BB86-11341377EFEB}</UniqueIdentifier>
    </Filter>
    <Filter Include="Blocks\Cinder-Gx\third_party\DiligentCore\Primitives">
      <UniqueIdentifier>{11BD227E-FC46-4691-A0FD-6CAA65BB4575}</UniqueIdentifier>
    </Filter>
    <Filter Include="Blocks\Cinder-Gx\third_party\DiligentCore\Primitives\interface">
      <UniqueIdentifier>{979D1E90-5CA5-4E0D-91A3-2AFE4BF0B5EC}</UniqueIdentifier>
    </Filter>
    <Filter Include="Shader Files">
      <UniqueIdentifier>{88579996-2e29-47e4-b99f-e78b0ed2c4ce}</UniqueIdentifier>
    </Filter>
  </ItemGroup>
  <ItemGroup>
    <ClCompile Include="..\src\ShadowMapApp.cpp">
      <Filter>Source Files</Filter>
    </ClCompile>
    <ClCompile Include="..\src\ShadowMapApp.cpp">
      <Filter>Source Files</Filter>
    </ClCompile>
    <ClCompile Include="..\..\..\src\cinder\CinderDiligentImGui.cpp">
      <Filter>Blocks\Cinder-Gx\src\cinder</Filter>
    </ClCompile>
    <ClCompile Include="..\..\..\src\cinder\app\RendererGx.cpp">
      <Filter>Blocks\Cinder-Gx\src\cinder\app</Filter>
    </ClCompile>
    <ClCompile Include="..\..\..\src\cinder\graphics\Batch.cpp">
      <Filter>Blocks\Cinder-Gx\src\cinder\graphics</Filter>
    </ClCompile>
    <ClCompile Include="..\..\..\src\cinder\graphics\Buffer.cpp">
      <Filter>Blocks\Cinder-Gx\src\cinder\graphics</Filter>
    </ClCompile>
    <ClCompile Include="..\..\..\src\cinder\graphics\DrawContext.cpp">
      <Filter>Blocks\Cinder-Gx\src\cinder\graphics</Filter>
    </ClCompile>
    <ClCompile Include="..\..\..\src\cinder\graphics\Mesh.cpp">
      <Filter>Blocks\Cinder-Gx\src\cinder\graphics</Filter>
    </ClCompile>
    <ClCompile Include="..\..\..\src\cinder\graphics\PipelineState.cpp">
      <Filter>Blocks\Cinder-Gx\src\cinder\graphics</Filter>
    </ClCompile>
    <ClCompile Include="..\..\..\src\cinder\graphics\Shader.cpp">
      <Filter>Blocks\Cinder-Gx\src\cinder\graphics</Filter>
    </ClCompile>
    <ClCompile Include="..\..\..\src\cinder\graphics\Texture.cpp">
      <Filter>Blocks\Cinder-Gx\src\cinder\graphics</Filter>
    </ClCompile>
    <ClCompile Include="..\..\..\src\cinder\graphics\wrapper.cpp">
      <Filter>Blocks\Cinder-Gx\src\cinder\graphics</Filter>
    </ClCompile>
    <ClInclude Include="..\..\..\include\cinder\CinderDiligentImGui.h">
      <Filter>Blocks\Cinder-Gx\include\cinder</Filter>
    </ClInclude>
    <ClInclude Include="..\..\..\include\cinder\app\RendererGx.h">
      <Filter>Blocks\Cinder-Gx\include\cinder\app</Filter>
    </ClInclude>
    <ClInclude Include="..\..\..\include\cinder\graphics\Batch.h">
      <Filter>Blocks\Cinder-Gx\include\cinder\graphics</Filter>
    </ClInclude>
    <ClInclude Include="..\..\..\include\cinder\graphics\BlendState.h">
      <Filter>Blocks\Cinder-Gx\include\cinder\graphics</Filter>
    </ClInclude>
    <ClInclude Include="..\..\..\include\cinder\graphics\Buffer.h">
      <Filter>Blocks\Cinder-Gx\include\cinder\graphics</Filter>
    </ClInclude>
    <ClInclude Include="..\..\..\include\cinder\graphics\DepthStencilState.h">
      <Filter>Blocks\Cinder-Gx\include\cinder\graphics</Filter>
    </ClInclude>
    <ClInclude Include="..\..\..\include\cinder\graphics\DeviceContext.h">
      <Filter>Blocks\Cinder-Gx\include\cinder\graphics</Filter>
    </ClInclude>
    <ClInclude Include="..\..\..\include\cinder\graphics\DrawContext.h">
      <Filter>Blocks\Cinder-Gx\include\cinder\graphics</Filter>
    </ClInclude>
    <ClInclude Include="..\..\..\include\cinder\graphics\GraphicsTypes.h">
      <Filter>Blocks\Cinder-Gx\include\cinder\graphics</Filter>
    </ClInclude>
    <ClInclude Include="..\..\..\include\cinder\graphics\InputLayout.h">
      <Filter>Blocks\Cinder-Gx\include\cinder\graphics</Filter>
    </ClInclude>
    <ClInclude Include="..\..\..\include\cinder\graphics\Mesh.h">
      <Filter>Blocks\Cinder-Gx\include\cinder\graphics</Filter>
    </ClInclude>
    <ClInclude Include="..\..\..\include\cinder\graphics\PipelineState.h">
      <Filter>Blocks\Cinder-Gx\include\cinder\graphics</Filter>
    </ClInclude>
    <ClInclude Include="..\..\..\include\cinder\graphics\platform.h">
      <Filter>Blocks\Cinder-Gx\include\cinder\graphics</Filter>
    </ClInclude>
    <ClInclude Include="..\..\..\include\cinder\graphics\Query.h">
      <Filter>Blocks\Cinder-Gx\include\cinder\graphics</Filter>
    </ClInclude>
    <ClInclude Include="..\..\..\include\cinder\graphics\RasterizerState.h">
      <Filter>Blocks\Cinder-Gx\include\cinder\graphics</Filter>
    </ClInclude>
    <ClInclude Include="..\..\..\include\cinder\graphics\Shader.h">
      <Filter>Blocks\Cinder-Gx\include\cinder\graphics</Filter>
    </ClInclude>
    <ClInclude Include="..\..\..\include\cinder\graphics\Texture.h">
      <Filter>Blocks\Cinder-Gx\include\cinder\graphics</Filter>
    </ClInclude>
    <ClInclude Include="..\..\..\include\cinder\graphics\wrapper.h">
      <Filter>Blocks\Cinder-Gx\include\cinder\graphics</Filter>
    </ClInclude>
    <ClInclude Include="..\..\..\third_party\DiligentCore\Graphics\GraphicsAccessories\interface\ColorConversion.h">
      <Filter>Blocks\Cinder-Gx\third_party\DiligentCore\Graphics\GraphicsAccessories\interface</Filter>
    </ClInclude>
    <ClInclude Include="..\..\..\third_party\DiligentCore\Graphics\GraphicsAccessories\interface\DynamicAtlasManager.hpp">
      <Filter>Blocks\Cinder-Gx\third_party\DiligentCore\Graphics\GraphicsAccessories\interface</Filter>
    </ClInclude>
    <ClInclude Include="..\..\..\third_party\DiligentCore\Graphics\GraphicsAccessories\interface\GraphicsAccessories.hpp">
      <Filter>Blocks\Cinder-Gx\third_party\DiligentCore\Graphics\GraphicsAccessories\interface</Filter>
    </ClInclude>
    <ClInclude Include="..\..\..\third_party\DiligentCore\Graphics\GraphicsAccessories\interface\GraphicsTypesOutputInserters.hpp">
      <Filter>Blocks\Cinder-Gx\third_party\DiligentCore\Graphics\GraphicsAccessories\interface</Filter>
    </ClInclude>
    <ClInclude Include="..\..\..\third_party\DiligentCore\Graphics\GraphicsAccessories\interface\ResourceReleaseQueue.hpp">
      <Filter>Blocks\Cinder-Gx\third_party\DiligentCore\Graphics\GraphicsAccessories\interface</Filter>
    </ClInclude>
    <ClInclude Include="..\..\..\third_party\DiligentCore\Graphics\GraphicsAccessories\interface\RingBuffer.hpp">
      <Filter>Blocks\Cinder-Gx\third_party\DiligentCore\Graphics\GraphicsAccessories\interface</Filter>
    </ClInclude>
    <ClInclude Include="..\..\..\third_party\DiligentCore\Graphics\GraphicsAccessories\interface\SRBMemoryAllocator.hpp">
      <Filter>Blocks\Cinder-Gx\third_party\DiligentCore\Graphics\GraphicsAccessories\interface</Filter>
    </ClInclude>
    <ClInclude Include="..\..\..\third_party\DiligentCore\Graphics\GraphicsAccessories\interface\VariableSizeAllocationsManager.hpp">
      <Filter>Blocks\Cinder-Gx\third_party\DiligentCore\Graphics\GraphicsAccessories\interface</Filter>
    </ClInclude>
    <ClInclude Include="..\..\..\third_party\DiligentCore\Graphics\GraphicsAccessories\interface\VariableSizeGPUAllocationsManager.hpp">
      <Filter>Blocks\Cinder-Gx\third_party\DiligentCore\Graphics\GraphicsAccessories\interface</Filter>
    </ClInclude>
    <ClInclude Include="..\..\..\third_party\DiligentCore\Graphics\GraphicsEngine\interface\APIInfo.h">
      <Filter>Blocks\Cinder-Gx\third_party\DiligentCore\Graphics\GraphicsEngine\interface</Filter>
    </ClInclude>
    <ClInclude Include="..\..\..\third_party\DiligentCore\Graphics\GraphicsEngine\interface\BlendState.h">
      <Filter>Blocks\Cinder-Gx\third_party\DiligentCore\Graphics\GraphicsEngine\interface</Filter>
    </ClInclude>
    <ClInclude Include="..\..\..\third_party\DiligentCore\Graphics\GraphicsEngine\interface\BottomLevelAS.h">
      <Filter>Blocks\Cinder-Gx\third_party\DiligentCore\Graphics\GraphicsEngine\interface</Filter>
    </ClInclude>
    <ClInclude Include="..\..\..\third_party\DiligentCore\Graphics\GraphicsEngine\interface\Buffer.h">
      <Filter>Blocks\Cinder-Gx\third_party\DiligentCore\Graphics\GraphicsEngine\interface</Filter>
    </ClInclude>
    <ClInclude Include="..\..\..\third_party\DiligentCore\Graphics\GraphicsEngine\interface\BufferView.h">
      <Filter>Blocks\Cinder-Gx\third_party\DiligentCore\Graphics\GraphicsEngine\interface</Filter>
    </ClInclude>
    <ClInclude Include="..\..\..\third_party\DiligentCore\Graphics\GraphicsEngine\interface\CommandList.h">
      <Filter>Blocks\Cinder-Gx\third_party\DiligentCore\Graphics\GraphicsEngine\interface</Filter>
    </ClInclude>
    <ClInclude Include="..\..\..\third_party\DiligentCore\Graphics\GraphicsEngine\interface\Constants.h">
      <Filter>Blocks\Cinder-Gx\third_party\DiligentCore\Graphics\GraphicsEngine\interface</Filter>
    </ClInclude>
    <ClInclude Include="..\..\..\third_party\DiligentCore\Graphics\GraphicsEngine\interface\DepthStencilState.h">
      <Filter>Blocks\Cinder-Gx\third_party\DiligentCore\Graphics\GraphicsEngine\interface</Filter>
    </ClInclude>
    <ClInclude Include="..\..\..\third_party\DiligentCore\Graphics\GraphicsEngine\interface\DeviceContext.h">
      <Filter>Blocks\Cinder-Gx\third_party\DiligentCore\Graphics\GraphicsEngine\interface</Filter>
    </ClInclude>
    <ClInclude Include="..\..\..\third_party\DiligentCore\Graphics\GraphicsEngine\interface\DeviceObject.h">
      <Filter>Blocks\Cinder-Gx\third_party\DiligentCore\Graphics\GraphicsEngine\interface</Filter>
    </ClInclude>
    <ClInclude Include="..\..\..\third_party\DiligentCore\Graphics\GraphicsEngine\interface\EngineFactory.h">
      <Filter>Blocks\Cinder-Gx\third_party\DiligentCore\Graphics\GraphicsEngine\interface</Filter>
    </ClInclude>
    <ClInclude Include="..\..\..\third_party\DiligentCore\Graphics\GraphicsEngine\interface\Fence.h">
      <Filter>Blocks\Cinder-Gx\third_party\DiligentCore\Graphics\GraphicsEngine\interface</Filter>
    </ClInclude>
    <ClInclude Include="..\..\..\third_party\DiligentCore\Graphics\GraphicsEngine\interface\Framebuffer.h">
      <Filter>Blocks\Cinder-Gx\third_party\DiligentCore\Graphics\GraphicsEngine\interface</Filter>
    </ClInclude>
    <ClInclude Include="..\..\..\third_party\DiligentCore\Graphics\GraphicsEngine\interface\GraphicsTypes.h">
      <Filter>Blocks\Cinder-Gx\third_party\DiligentCore\Graphics\GraphicsEngine\interface</Filter>
    </ClInclude>
    <ClInclude Include="..\..\..\third_party\DiligentCore\Graphics\GraphicsEngine\interface\InputLayout.h">
      <Filter>Blocks\Cinder-Gx\third_party\DiligentCore\Graphics\GraphicsEngine\interface</Filter>
    </ClInclude>
    <ClInclude Include="..\..\..\third_party\DiligentCore\Graphics\GraphicsEngine\interface\LoadEngineDll.h">
      <Filter>Blocks\Cinder-Gx\third_party\DiligentCore\Graphics\GraphicsEngine\interface</Filter>
    </ClInclude>
    <ClInclude Include="..\..\..\third_party\DiligentCore\Graphics\GraphicsEngine\interface\PipelineState.h">
      <Filter>Blocks\Cinder-Gx\third_party\DiligentCore\Graphics\GraphicsEngine\interface</Filter>
    </ClInclude>
    <ClInclude Include="..\..\..\third_party\DiligentCore\Graphics\GraphicsEngine\interface\Query.h">
      <Filter>Blocks\Cinder-Gx\third_party\DiligentCore\Graphics\GraphicsEngine\interface</Filter>
    </ClInclude>
    <ClInclude Include="..\..\..\third_party\DiligentCore\Graphics\GraphicsEngine\interface\RasterizerState.h">
      <Filter>Blocks\Cinder-Gx\third_party\DiligentCore\Graphics\GraphicsEngine\interface</Filter>
    </ClInclude>
    <ClInclude Include="..\..\..\third_party\DiligentCore\Graphics\GraphicsEngine\interface\RenderDevice.h">
      <Filter>Blocks\Cinder-Gx\third_party\DiligentCore\Graphics\GraphicsEngine\interface</Filter>
    </ClInclude>
    <ClInclude Include="..\..\..\third_party\DiligentCore\Graphics\GraphicsEngine\interface\RenderPass.h">
      <Filter>Blocks\Cinder-Gx\third_party\DiligentCore\Graphics\GraphicsEngine\interface</Filter>
    </ClInclude>
    <ClInclude Include="..\..\..\third_party\DiligentCore\Graphics\GraphicsEngine\interface\ResourceMapping.h">
      <Filter>Blocks\Cinder-Gx\third_party\DiligentCore\Graphics\GraphicsEngine\interface</Filter>
    </ClInclude>
    <ClInclude Include="..\..\..\third_party\DiligentCore\Graphics\GraphicsEngine\interface\Sampler.h">
      <Filter>Blocks\Cinder-Gx\third_party\DiligentCore\Graphics\GraphicsEngine\interface</Filter>
    </ClInclude>
    <ClInclude Include="..\..\..\third_party\DiligentCore\Graphics\GraphicsEngine\interface\Shader.h">
      <Filter>Blocks\Cinder-Gx\third_party\DiligentCore\Graphics\GraphicsEngine\interface</Filter>
    </ClInclude>
    <ClInclude Include="..\..\..\third_party\DiligentCore\Graphics\GraphicsEngine\interface\ShaderBindingTable.h">
      <Filter>Blocks\Cinder-Gx\third_party\DiligentCore\Graphics\GraphicsEngine\interface</Filter>
    </ClInclude>
    <ClInclude Include="..\..\..\third_party\DiligentCore\Graphics\GraphicsEngine\interface\ShaderResourceBinding.h">
      <Filter>Blocks\Cinder-Gx\third_party\DiligentCore\Graphics\GraphicsEngine\interface</Filter>
    </ClInclude>
    <ClInclude Include="..\..\..\third_party\DiligentCore\Graphics\GraphicsEngine\interface\ShaderResourceVariable.h">
      <Filter>Blocks\Cinder-Gx\third_party\DiligentCore\Graphics\GraphicsEngine\interface</Filter>
    </ClInclude>
    <ClInclude Include="..\..\..\third_party\DiligentCore\Graphics\GraphicsEngine\interface\SwapChain.h">
      <Filter>Blocks\Cinder-Gx\third_party\DiligentCore\Graphics\GraphicsEngine\interface</Filter>
    </ClInclude>
    <ClInclude Include="..\..\..\third_party\DiligentCore\Graphics\GraphicsEngine\interface\Texture.h">
      <Filter>Blocks\Cinder-Gx\third_party\DiligentCore\Graphics\GraphicsEngine\interface</Filter>
    </ClInclude>
    <ClInclude Include="..\..\..\third_party\DiligentCore\Graphics\GraphicsEngine\interface\TextureView.h">
      <Filter>Blocks\Cinder-Gx\third_party\DiligentCore\Graphics\GraphicsEngine\interface</Filter>
    </ClInclude>
    <ClInclude Include="..\..\..\third_party\DiligentCore\Graphics\GraphicsEngine\interface\TopLevelAS.h">
      <Filter>Blocks\Cinder-Gx\third_party\DiligentCore\Graphics\GraphicsEngine\interface</Filter>
    </ClInclude>
    <ClInclude Include="..\..\..\third_party\DiligentCore\Graphics\GraphicsTools\interface\BufferSuballocator.h">
      <Filter>Blocks\Cinder-Gx\third_party\DiligentCore\Graphics\GraphicsTools\interface</Filter>
    </ClInclude>
    <ClInclude Include="..\..\..\third_party\DiligentCore\Graphics\GraphicsTools\interface\CommonlyUsedStates.h">
      <Filter>Blocks\Cinder-Gx\third_party\DiligentCore\Graphics\GraphicsTools\interface</Filter>
    </ClInclude>
    <ClInclude Include="..\..\..\third_party\DiligentCore\Graphics\GraphicsTools\interface\DynamicTextureAtlas.h">
      <Filter>Blocks\Cinder-Gx\third_party\DiligentCore\Graphics\GraphicsTools\interface</Filter>
    </ClInclude>
    <ClInclude Include="..\..\..\third_party\DiligentCore\Graphics\GraphicsTools\interface\GraphicsUtilities.h">
      <Filter>Blocks\Cinder-Gx\third_party\DiligentCore\Graphics\GraphicsTools\interface</Filter>
    </ClInclude>
    <ClInclude Include="..\..\..\third_party\DiligentCore\Graphics\GraphicsTools\interface\DurationQueryHelper.hpp">
      <Filter>Blocks\Cinder-Gx\third_party\DiligentCore\Graphics\GraphicsTools\interface</Filter>
    </ClInclude>
    <ClInclude Include="..\..\..\third_party\DiligentCore\Graphics\GraphicsTools\interface\DynamicBuffer.hpp">
      <Filter>Blocks\Cinder-Gx\third_party\DiligentCore\Graphics\GraphicsTools\interface</Filter>
    </ClInclude>
    <ClInclude Include="..\..\..\third_party\DiligentCore\Graphics\GraphicsTools\interface\MapHelper.hpp">
      <Filter>Blocks\Cinder-Gx\third_party\DiligentCore\Graphics\GraphicsTools\interface</Filter>
    </ClInclude>
    <ClInclude Include="..\..\..\third_party\DiligentCore\Graphics\GraphicsTools\interface\ScopedQueryHelper.hpp">
      <Filter>Blocks\Cinder-Gx\third_party\DiligentCore\Graphics\GraphicsTools\interface</Filter>
    </ClInclude>
    <ClInclude Include="..\..\..\third_party\DiligentCore\Graphics\GraphicsTools\interface\ScreenCapture.hpp">
      <Filter>Blocks\Cinder-Gx\third_party\DiligentCore\Graphics\GraphicsTools\interface</Filter>
    </ClInclude>
    <ClInclude Include="..\..\..\third_party\DiligentCore\Graphics\GraphicsTools\interface\ShaderMacroHelper.hpp">
      <Filter>Blocks\Cinder-Gx\third_party\DiligentCore\Graphics\GraphicsTools\interface</Filter>
    </ClInclude>
    <ClInclude Include="..\..\..\third_party\DiligentCore\Graphics\GraphicsTools\interface\StreamingBuffer.hpp">
      <Filter>Blocks\Cinder-Gx\third_party\DiligentCore\Graphics\GraphicsTools\interface</Filter>
    </ClInclude>
    <ClInclude Include="..\..\..\third_party\DiligentCore\Graphics\GraphicsTools\interface\TextureUploader.hpp">
      <Filter>Blocks\Cinder-Gx\third_party\DiligentCore\Graphics\GraphicsTools\interface</Filter>
    </ClInclude>
    <ClInclude Include="..\..\..\third_party\DiligentCore\Graphics\GraphicsTools\interface\TextureUploaderBase.hpp">
      <Filter>Blocks\Cinder-Gx\third_party\DiligentCore\Graphics\GraphicsTools\interface</Filter>
    </ClInclude>
    <ClInclude Include="..\..\..\third_party\DiligentCore\Graphics\GraphicsTools\interface\TextureUploaderD3D11.hpp">
      <Filter>Blocks\Cinder-Gx\third_party\DiligentCore\Graphics\GraphicsTools\interface</Filter>
    </ClInclude>
    <ClInclude Include="..\..\..\third_party\DiligentCore\Graphics\GraphicsTools\interface\TextureUploaderD3D12_Vk.hpp">
      <Filter>Blocks\Cinder-Gx\third_party\DiligentCore\Graphics\GraphicsTools\interface</Filter>
    </ClInclude>
    <ClInclude Include="..\..\..\third_party\DiligentCore\Graphics\GraphicsTools\interface\TextureUploaderGL.hpp">
      <Filter>Blocks\Cinder-Gx\third_party\DiligentCore\Graphics\GraphicsTools\interface</Filter>
    </ClInclude>
    <ClInclude Include="..\..\..\third_party\DiligentCore\Common\interface\AdvancedMath.hpp">
      <Filter>Blocks\Cinder-Gx\third_party\DiligentCore\Common\interface</Filter>
    </ClInclude>
    <ClInclude Include="..\..\..\third_party\DiligentCore\Common\interface\Align.hpp">
      <Filter>Blocks\Cinder-Gx\third_party\DiligentCore\Common\interface</Filter>
    </ClInclude>
    <ClInclude Include="..\..\..\third_party\DiligentCore\Common\interface\BasicFileStream.hpp">
      <Filter>Blocks\Cinder-Gx\third_party\DiligentCore\Common\interface</Filter>
    </ClInclude>
    <ClInclude Include="..\..\..\third_party\DiligentCore\Common\interface\BasicMath.hpp">
      <Filter>Blocks\Cinder-Gx\third_party\DiligentCore\Common\interface</Filter>
    </ClInclude>
    <ClInclude Include="..\..\..\third_party\DiligentCore\Common\interface\DataBlobImpl.hpp">
      <Filter>Blocks\Cinder-Gx\third_party\DiligentCore\Common\interface</Filter>
    </ClInclude>
    <ClInclude Include="..\..\..\third_party\DiligentCore\Common\interface\DefaultRawMemoryAllocator.hpp">
      <Filter>Blocks\Cinder-Gx\third_party\DiligentCore\Common\interface</Filter>
    </ClInclude>
    <ClInclude Include="..\..\..\third_party\DiligentCore\Common\interface\DynamicLinearAllocator.hpp">
      <Filter>Blocks\Cinder-Gx\third_party\DiligentCore\Common\interface</Filter>
    </ClInclude>
    <ClInclude Include="..\..\..\third_party\DiligentCore\Common\interface\FastRand.hpp">
      <Filter>Blocks\Cinder-Gx\third_party\DiligentCore\Common\interface</Filter>
    </ClInclude>
    <ClInclude Include="..\..\..\third_party\DiligentCore\Common\interface\FileWrapper.hpp">
      <Filter>Blocks\Cinder-Gx\third_party\DiligentCore\Common\interface</Filter>
    </ClInclude>
    <ClInclude Include="..\..\..\third_party\DiligentCore\Common\interface\FilteringTools.hpp">
      <Filter>Blocks\Cinder-Gx\third_party\DiligentCore\Common\interface</Filter>
    </ClInclude>
    <ClInclude Include="..\..\..\third_party\DiligentCore\Common\interface\FixedBlockMemoryAllocator.hpp">
      <Filter>Blocks\Cinder-Gx\third_party\DiligentCore\Common\interface</Filter>
    </ClInclude>
    <ClInclude Include="..\..\..\third_party\DiligentCore\Common\interface\FixedLinearAllocator.hpp">
      <Filter>Blocks\Cinder-Gx\third_party\DiligentCore\Common\interface</Filter>
    </ClInclude>
    <ClInclude Include="..\..\..\third_party\DiligentCore\Common\interface\HashUtils.hpp">
      <Filter>Blocks\Cinder-Gx\third_party\DiligentCore\Common\interface</Filter>
    </ClInclude>
    <ClInclude Include="..\..\..\third_party\DiligentCore\Common\interface\LockHelper.hpp">
      <Filter>Blocks\Cinder-Gx\third_party\DiligentCore\Common\interface</Filter>
    </ClInclude>
    <ClInclude Include="..\..\..\third_party\DiligentCore\Common\interface\MemoryFileStream.hpp">
      <Filter>Blocks\Cinder-Gx\third_party\DiligentCore\Common\interface</Filter>
    </ClInclude>
    <ClInclude Include="..\..\..\third_party\DiligentCore\Common\interface\ObjectBase.hpp">
      <Filter>Blocks\Cinder-Gx\third_party\DiligentCore\Common\interface</Filter>
    </ClInclude>
    <ClInclude Include="..\..\..\third_party\DiligentCore\Common\interface\RefCntAutoPtr.hpp">
      <Filter>Blocks\Cinder-Gx\third_party\DiligentCore\Common\interface</Filter>
    </ClInclude>
    <ClInclude Include="..\..\..\third_party\DiligentCore\Common\interface\RefCountedObjectImpl.hpp">
      <Filter>Blocks\Cinder-Gx\third_party\DiligentCore\Common\interface</Filter>
    </ClInclude>
    <ClInclude Include="..\..\..\third_party\DiligentCore\Common\interface\STDAllocator.hpp">
      <Filter>Blocks\Cinder-Gx\third_party\DiligentCore\Common\interface</Filter>
    </ClInclude>
    <ClInclude Include="..\..\..\third_party\DiligentCore\Common\interface\StringDataBlobImpl.hpp">
      <Filter>Blocks\Cinder-Gx\third_party\DiligentCore\Common\interface</Filter>
    </ClInclude>
    <ClInclude Include="..\..\..\third_party\DiligentCore\Common\interface\StringPool.hpp">
      <Filter>Blocks\Cinder-Gx\third_party\DiligentCore\Common\interface</Filter>
    </ClInclude>
    <ClInclude Include="..\..\..\third_party\DiligentCore\Common\interface\StringTools.hpp">
      <Filter>Blocks\Cinder-Gx\third_party\DiligentCore\Common\interface</Filter>
    </ClInclude>
    <ClInclude Include="..\..\..\third_party\DiligentCore\Common\interface\ThreadSignal.hpp">
      <Filter>Blocks\Cinder-Gx\third_party\DiligentCore\Common\interface</Filter>
    </ClInclude>
    <ClInclude Include="..\..\..\third_party\DiligentCore\Common\interface\Timer.hpp">
      <Filter>Blocks\Cinder-Gx\third_party\DiligentCore\Common\interface</Filter>
    </ClInclude>
    <ClInclude Include="..\..\..\third_party\DiligentCore\Common\interface\UniqueIdentifier.hpp">
      <Filter>Blocks\Cinder-Gx\third_party\DiligentCore\Common\interface</Filter>
    </ClInclude>
    <ClInclude Include="..\..\..\third_party\DiligentCore\Common\interface\ValidatedCast.hpp">
      <Filter>Blocks\Cinder-Gx\third_party\DiligentCore\Common\interface</Filter>
    </ClInclude>
    <ClInclude Include="..\..\..\third_party\DiligentCore\Primitives\interface\BasicTypes.h">
      <Filter>Blocks\Cinder-Gx\third_party\DiligentCore\Primitives\interface</Filter>
    </ClInclude>
    <ClInclude Include="..\..\..\third_party\DiligentCore\Primitives\interface\CommonDefinitions.h">
      <Filter>Blocks\Cinder-Gx\third_party\DiligentCore\Primitives\interface</Filter>
    </ClInclude>
    <ClInclude Include="..\..\..\third_party\DiligentCore\Primitives\interface\DataBlob.h">
      <Filter>Blocks\Cinder-Gx\third_party\DiligentCore\Primitives\interface</Filter>
    </ClInclude>
    <ClInclude Include="..\..\..\third_party\DiligentCore\Primitives\interface\DebugOutput.h">
      <Filter>Blocks\Cinder-Gx\third_party\DiligentCore\Primitives\interface</Filter>
    </ClInclude>
    <ClInclude Include="..\..\..\third_party\DiligentCore\Primitives\interface\DefineGlobalFuncHelperMacros.h">
      <Filter>Blocks\Cinder-Gx\third_party\DiligentCore\Primitives\interface</Filter>
    </ClInclude>
    <ClInclude Include="..\..\..\third_party\DiligentCore\Primitives\interface\DefineInterfaceHelperMacros.h">
      <Filter>Blocks\Cinder-Gx\third_party\DiligentCore\Primitives\interface</Filter>
    </ClInclude>
    <ClInclude Include="..\..\..\third_party\DiligentCore\Primitives\interface\FileStream.h">
      <Filter>Blocks\Cinder-Gx\third_party\DiligentCore\Primitives\interface</Filter>
    </ClInclude>
    <ClInclude Include="..\..\..\third_party\DiligentCore\Primitives\interface\FlagEnum.h">
      <Filter>Blocks\Cinder-Gx\third_party\DiligentCore\Primitives\interface</Filter>
    </ClInclude>
    <ClInclude Include="..\..\..\third_party\DiligentCore\Primitives\interface\InterfaceID.h">
      <Filter>Blocks\Cinder-Gx\third_party\DiligentCore\Primitives\interface</Filter>
    </ClInclude>
    <ClInclude Include="..\..\..\third_party\DiligentCore\Primitives\interface\MemoryAllocator.h">
      <Filter>Blocks\Cinder-Gx\third_party\DiligentCore\Primitives\interface</Filter>
    </ClInclude>
    <ClInclude Include="..\..\..\third_party\DiligentCore\Primitives\interface\Object.h">
      <Filter>Blocks\Cinder-Gx\third_party\DiligentCore\Primitives\interface</Filter>
    </ClInclude>
    <ClInclude Include="..\..\..\third_party\DiligentCore\Primitives\interface\ReferenceCounters.h">
      <Filter>Blocks\Cinder-Gx\third_party\DiligentCore\Primitives\interface</Filter>
    </ClInclude>
    <ClInclude Include="..\..\..\third_party\DiligentCore\Primitives\interface\UndefGlobalFuncHelperMacros.h">
      <Filter>Blocks\Cinder-Gx\third_party\DiligentCore\Primitives\interface</Filter>
    </ClInclude>
    <ClInclude Include="..\..\..\third_party\DiligentCore\Primitives\interface\UndefInterfaceHelperMacros.h">
      <Filter>Blocks\Cinder-Gx\third_party\DiligentCore\Primitives\interface</Filter>
    </ClInclude>
    <ClCompile Include="..\..\common\TexturedCube.cpp">
      <Filter>Source Files</Filter>
    </ClCompile>
    <ClCompile Include="..\..\..\src\cinder\graphics\Sampler.cpp">
      <Filter>Blocks\Cinder-Gx\src\cinder\graphics</Filter>
    </ClCompile>
  </ItemGroup>
  <ItemGroup>
    <ResourceCompile Include="Resources.rc">
      <Filter>Resource Files</Filter>
    </ResourceCompile>
  </ItemGroup>
  <ItemGroup>
    <FxCompile Include="..\assets\shadow_map_vis.psh">
      <Filter>Shader Files</Filter>
    </FxCompile>
    <FxCompile Include="..\assets\shadow_map_vis.vsh">
      <Filter>Shader Files</Filter>
    </FxCompile>
    <FxCompile Include="..\assets\cube.psh">
      <Filter>Shader Files</Filter>
    </FxCompile>
    <FxCompile Include="..\assets\cube.vsh">
      <Filter>Shader Files</Filter>
    </FxCompile>
    <FxCompile Include="..\assets\cube_shadow.vsh">
      <Filter>Shader Files</Filter>
    </FxCompile>
    <FxCompile Include="..\assets\plane.psh">
      <Filter>Shader Files</Filter>
    </FxCompile>
    <FxCompile Include="..\assets\plane.vsh">
      <Filter>Shader Files</Filter>
    </FxCompile>
  </ItemGroup>
  <ItemGroup>
    <None Include="..\assets\structures.fxh">
      <Filter>Shader Files</Filter>
    </None>
  </ItemGroup>
  <ItemGroup>
    <ClInclude Include="..\..\common\TexturedCube.h">
      <Filter>Source Files</Filter>
    </ClInclude>
    <ClInclude Include="..\..\common\Utils.h">
      <Filter>Source Files</Filter>
    </ClInclude>
    <ClInclude Include="..\..\..\include\cinder\graphics\Sampler.h">
      <Filter>Blocks\Cinder-Gx\include\cinder\graphics</Filter>
    </ClInclude>
  </ItemGroup>
</Project>